// !$*UTF8*$!
{
	archiveVersion = 1;
	classes = {
	};
	objectVersion = 110;
	objects = {

/* Begin PBXBuildFile section */
		F4A1B2203A9C410100A10001 /* PhotoMemoShareExtension.appex in Embed App Extensions */ = {isa = PBXBuildFile; fileRef = F4A1B2093A9C410100A10001 /* PhotoMemoShareExtension.appex */; settings = {ATTRIBUTES = (RemoveHeadersOnCopy, ); }; };
		F4A1B2303A9C410100A10001 /* PhotoMemo/iOS/Activity/PhotoMemoBackgroundLiveActivityPayload.swift in Sources */ = {isa = PBXBuildFile; fileRef = F4A1B2383A9C410100A10001 /* PhotoMemo/iOS/Activity/PhotoMemoBackgroundLiveActivityPayload.swift */; };
		F4A1B2313A9C410100A10001 /* PhotoMemo/iOS/Activity/PhotoMemoLiveActivityPresentation.swift in Sources */ = {isa = PBXBuildFile; fileRef = F4A1B2393A9C410100A10001 /* PhotoMemo/iOS/Activity/PhotoMemoLiveActivityPresentation.swift */; };
		F4A1B2323A9C410100A10001 /* PhotoMemoWidgetExtension.appex in Embed App Extensions */ = {isa = PBXBuildFile; fileRef = F4A1B2333A9C410100A10001 /* PhotoMemoWidgetExtension.appex */; settings = {ATTRIBUTES = (RemoveHeadersOnCopy, ); }; };
/* End PBXBuildFile section */

/* Begin PBXContainerItemProxy section */
		F4A1B2213A9C410100A10001 /* PBXContainerItemProxy */ = {
			isa = PBXContainerItemProxy;
			containerPortal = B3DBA4EC2FE1581100945016 /* Project object */;
			proxyType = 1;
			remoteGlobalIDString = F4A1B20B3A9C410100A10001;
			remoteInfo = PhotoMemoShareExtension;
		};
		F4A1B2343A9C410100A10001 /* PBXContainerItemProxy */ = {
			isa = PBXContainerItemProxy;
			containerPortal = B3DBA4EC2FE1581100945016 /* Project object */;
			proxyType = 1;
			remoteGlobalIDString = F4A1B23E3A9C410100A10001;
			remoteInfo = PhotoMemoWidgetExtension;
		};
		F5B100013A9D000000A10001 /* PBXContainerItemProxy */ = {
			isa = PBXContainerItemProxy;
			containerPortal = B3DBA4EC2FE1581100945016 /* Project object */;
			proxyType = 1;
			remoteGlobalIDString = B3DBA4F32FE1581100945016;
			remoteInfo = PhotoMemo;
		};
/* End PBXContainerItemProxy section */

/* Begin PBXCopyFilesBuildPhase section */
		F4A1B2223A9C410100A10001 /* Embed App Extensions */ = {
			isa = PBXCopyFilesBuildPhase;
			dstPath = "";
			dstSubfolder = PlugIns;
			files = (
				F4A1B2203A9C410100A10001 /* PhotoMemoShareExtension.appex in Embed App Extensions */,
				F4A1B2323A9C410100A10001 /* PhotoMemoWidgetExtension.appex in Embed App Extensions */,
			);
			name = "Embed App Extensions";
		};
/* End PBXCopyFilesBuildPhase section */

/* Begin PBXFileReference section */
		B3DBA4F42FE1581100945016 /* PhotoMemo.app */ = {isa = PBXFileReference; explicitFileType = wrapper.application; includeInIndex = 0; path = PhotoMemo.app; sourceTree = BUILT_PRODUCTS_DIR; };
		F4A1B2013A9C410100A10001 /* PhotoMemoiOS.app */ = {isa = PBXFileReference; explicitFileType = wrapper.application; includeInIndex = 0; path = PhotoMemoiOS.app; sourceTree = BUILT_PRODUCTS_DIR; };
		1155B1BF5AC74477ACAA1F66 /* PhotoMemoiOSMVP.app */ = {isa = PBXFileReference; explicitFileType = wrapper.application; includeInIndex = 0; path = PhotoMemoiOSMVP.app; sourceTree = BUILT_PRODUCTS_DIR; };
		F4A1B2093A9C410100A10001 /* PhotoMemoShareExtension.appex */ = {isa = PBXFileReference; explicitFileType = "wrapper.app-extension"; includeInIndex = 0; path = PhotoMemoShareExtension.appex; sourceTree = BUILT_PRODUCTS_DIR; };
		F4A1B2333A9C410100A10001 /* PhotoMemoWidgetExtension.appex */ = {isa = PBXFileReference; explicitFileType = "wrapper.app-extension"; includeInIndex = 0; path = PhotoMemoWidgetExtension.appex; sourceTree = BUILT_PRODUCTS_DIR; };
		F4A1B2383A9C410100A10001 /* PhotoMemo/iOS/Activity/PhotoMemoBackgroundLiveActivityPayload.swift */ = {isa = PBXFileReference; lastKnownFileType = sourcecode.swift; path = PhotoMemo/iOS/Activity/PhotoMemoBackgroundLiveActivityPayload.swift; sourceTree = SOURCE_ROOT; };
		F4A1B2393A9C410100A10001 /* PhotoMemo/iOS/Activity/PhotoMemoLiveActivityPresentation.swift */ = {isa = PBXFileReference; lastKnownFileType = sourcecode.swift; path = PhotoMemo/iOS/Activity/PhotoMemoLiveActivityPresentation.swift; sourceTree = SOURCE_ROOT; };
		F5B100023A9D000000A10001 /* PhotoMemoTests.xctest */ = {isa = PBXFileReference; explicitFileType = wrapper.cfbundle; includeInIndex = 0; path = PhotoMemoTests.xctest; sourceTree = BUILT_PRODUCTS_DIR; };
/* End PBXFileReference section */

/* Begin PBXFileSystemSynchronizedBuildFileExceptionSet section */
		F4A1B2113A9C410100A10001 /* Exceptions for "PhotoMemo" folder in "PhotoMemoShareExtension" target */ = {
			isa = PBXFileSystemSynchronizedBuildFileExceptionSet;
			membershipExceptions = (
				App/ExternalPhotoIntakeCenter.swift,
				App/PhotoMemoApp.swift,
				App/PhotoMemoAppDelegate.swift,
				App/PhotoMemoAppRuntime.swift,
				App/PhotoMemoRootSceneView.swift,
				Engines/AnchorEngine.swift,
				Engines/BadgeLibrary.swift,
				Engines/CardTextBlockEngine.swift,
				Engines/TemplateEngine.swift,
				Engines/TemplatePresetEngine.swift,
				Engines/TemplateVariableEngine.swift,
				"Extensions/Date+Anchor.swift",
				"Extensions/Image+Resize.swift",
				"Extensions/String+Template.swift",
				iOS/App/LaunchScreen.storyboard,
				iOS/App/PhotoMemoiOSApp.swift,
				iOS/Views/PhotoMemoiOSHomeView.swift,
				Models/AnchorResult.swift,
				Models/CardTextBlock.swift,
				Models/CardVariableProvider.swift,
				Models/CustomBadge.swift,
				Models/MetadataContext.swift,
				Models/PhotoMetadata.swift,
				Models/RecordCard.swift,
				Models/SelectedPhoto.swift,
				Models/TemplateVariable.swift,
				Models/TemplateVariableCategory.swift,
				Models/TemplateVariableLibrary.swift,
				Renderers/BadgeRenderer.swift,
				Renderers/ClassicWhiteRenderer.swift,
				Renderers/ImmersWhiteRenderer.swift,
				Renderers/RecordCardRenderer.swift,
				Services/AlbumExportService.swift,
				Services/BadgeStorageService.swift,
				Services/BatchNotificationService.swift,
				Services/BatchProcessingCoordinator.swift,
				Services/BatchQueueStore.swift,
				Services/GeocoderService.swift,
				Services/PermissionCenter.swift,
				Services/PhotoImportService.swift,
				Services/PhotoLibraryExportService.swift,
				Services/PhotoMetadataReader.swift,
				Services/RecordCardBuildService.swift,
				Services/RecordCardExportService.swift,
				Services/SettingsService.swift,
				Views/Anchor/AnchorEditorView.swift,
				Views/Anchor/AnchorListView.swift,
				Views/Components/PillButton.swift,
				Views/Components/SectionHeader.swift,
				Views/Components/TemplateChip.swift,
				Views/Main/MainView.swift,
				"Views/Main/MainView+ComposerDisplayEngine.swift",
				"Views/Main/MainView+ComposerEditor.swift",
				"Views/Main/MainView+ComposerPanels.swift",
				"Views/Main/MainView+ComposerSession.swift",
				"Views/Main/MainView+CoordinatorSupport.swift",
				"Views/Main/MainView+DerivedState.swift",
				"Views/Main/MainView+ExportActions.swift",
				"Views/Main/MainView+Feedback.swift",
				"Views/Main/MainView+LayoutSections.swift",
				"Views/Main/MainView+MemoryProgress.swift",
				"Views/Main/MainView+ModalAndLifecycle.swift",
				"Views/Main/MainView+OutputSection.swift",
				"Views/Main/MainView+PermissionLifecycle.swift",
				"Views/Main/MainView+Permissions.swift",
				"Views/Main/MainView+PresentationState.swift",
				"Views/Main/MainView+PreviewPanels.swift",
				"Views/Main/MainView+SetupPanels.swift",
				"Views/Main/MainView+StateModels.swift",
				"Views/Main/MainView+TemplateEditingActions.swift",
				"Views/Main/MainView+TemplatePanels.swift",
				"Views/Main/MainView+UIPrimitives.swift",
				"Views/Main/MainView+WorkspaceConfigurationState.swift",
				"Views/Main/MainView+WorkspaceControls.swift",
				Views/Main/PhotoImporterView.swift,
				Views/Preview/CardPreviewView.swift,
				Views/Preview/InfoBarPreview.swift,
				Views/Preview/RecordCardPreview.swift,
				Views/Template/BadgePickerView.swift,
				Views/Template/TemplateEditorView.swift,
				Views/Template/TemplateVariablePickerView.swift,
			);
			target = F4A1B20B3A9C410100A10001 /* PhotoMemoShareExtension */;
		};
		489996B64AA2479E8C8FBB0E /* Exceptions for "PhotoMemo" folder in "PhotoMemoiOS" target */ = {
			isa = PBXFileSystemSynchronizedBuildFileExceptionSet;
			membershipExceptions = (
				iOS/App/PhotoMemoiOSMVPApp.swift,
			);
			target = F4A1B2033A9C410100A10001 /* PhotoMemoiOS */;
		};
		77CE0C61042F41738A77F85D /* Exceptions for "PhotoMemo" folder in "PhotoMemoiOSMVP" target */ = {
			isa = PBXFileSystemSynchronizedBuildFileExceptionSet;
			membershipExceptions = (
				iOS/App/PhotoMemoiOSApp.swift,
			);
			target = DF8E1E1435DC445F99C53213 /* PhotoMemoiOSMVP */;
		};
		F4A1B2443A9C410100A10001 /* Exceptions for "PhotoMemo" folder in "PhotoMemo" target */ = {
			isa = PBXFileSystemSynchronizedBuildFileExceptionSet;
			membershipExceptions = (
				iOS/App/LaunchScreen.storyboard,
			);
			target = B3DBA4F32FE1581100945016 /* PhotoMemo */;
		};
/* End PBXFileSystemSynchronizedBuildFileExceptionSet section */

/* Begin PBXFileSystemSynchronizedRootGroup section */
		B3DBA4F62FE1581100945016 /* PhotoMemo */ = {
			isa = PBXFileSystemSynchronizedRootGroup;
			exceptions = (
				F4A1B2443A9C410100A10001 /* Exceptions for "PhotoMemo" folder in "PhotoMemo" target */,
				F4A1B2113A9C410100A10001 /* Exceptions for "PhotoMemo" folder in "PhotoMemoShareExtension" target */,
				489996B64AA2479E8C8FBB0E /* Exceptions for "PhotoMemo" folder in "PhotoMemoiOS" target */,
				77CE0C61042F41738A77F85D /* Exceptions for "PhotoMemo" folder in "PhotoMemoiOSMVP" target */,
			);
			path = PhotoMemo;
			sourceTree = "<group>";
		};
		F4A1B2373A9C410100A10001 /* PhotoMemoWidgetExtension */ = {
			isa = PBXFileSystemSynchronizedRootGroup;
			path = PhotoMemoWidgetExtension;
			sourceTree = "<group>";
		};
		F5B100033A9D000000A10001 /* ../../Tests/PhotoMemoTests */ = {
			isa = PBXFileSystemSynchronizedRootGroup;
			path = ../../Tests/PhotoMemoTests;
			sourceTree = "<group>";
		};
/* End PBXFileSystemSynchronizedRootGroup section */

/* Begin PBXFrameworksBuildPhase section */
		B3DBA4F12FE1581100945016 /* Frameworks */ = {
			isa = PBXFrameworksBuildPhase;
			files = (
			);
		};
		F4A1B2023A9C410100A10001 /* Frameworks */ = {
			isa = PBXFrameworksBuildPhase;
			files = (
			);
		};
		630755BBC5174C7A80B839C4 /* Frameworks */ = {
			isa = PBXFrameworksBuildPhase;
			files = (
			);
		};
		F4A1B20A3A9C410100A10001 /* Frameworks */ = {
			isa = PBXFrameworksBuildPhase;
			files = (
			);
		};
		F4A1B23B3A9C410100A10001 /* Frameworks */ = {
			isa = PBXFrameworksBuildPhase;
			files = (
			);
		};
		F5B100043A9D000000A10001 /* Frameworks */ = {
			isa = PBXFrameworksBuildPhase;
			files = (
			);
		};
/* End PBXFrameworksBuildPhase section */

/* Begin PBXGroup section */
		B39FE7622FECAF5200C88A23 /* Recovered References */ = {
			isa = PBXGroup;
			children = (
				F4A1B2383A9C410100A10001 /* PhotoMemo/iOS/Activity/PhotoMemoBackgroundLiveActivityPayload.swift */,
				F4A1B2393A9C410100A10001 /* PhotoMemo/iOS/Activity/PhotoMemoLiveActivityPresentation.swift */,
			);
			name = "Recovered References";
			sourceTree = "<group>";
		};
		B3DBA4EB2FE1581100945016 = {
			isa = PBXGroup;
			children = (
				B3DBA4F62FE1581100945016 /* PhotoMemo */,
				F5B100033A9D000000A10001 /* ../../Tests/PhotoMemoTests */,
				F4A1B2373A9C410100A10001 /* PhotoMemoWidgetExtension */,
				B3DBA4F52FE1581100945016 /* Products */,
				B39FE7622FECAF5200C88A23 /* Recovered References */,
			);
			sourceTree = "<group>";
		};
		B3DBA4F52FE1581100945016 /* Products */ = {
			isa = PBXGroup;
			children = (
				B3DBA4F42FE1581100945016 /* PhotoMemo.app */,
				F5B100023A9D000000A10001 /* PhotoMemoTests.xctest */,
				F4A1B2013A9C410100A10001 /* PhotoMemoiOS.app */,
				1155B1BF5AC74477ACAA1F66 /* PhotoMemoiOSMVP.app */,
				F4A1B2093A9C410100A10001 /* PhotoMemoShareExtension.appex */,
				F4A1B2333A9C410100A10001 /* PhotoMemoWidgetExtension.appex */,
			);
			name = Products;
			sourceTree = "<group>";
		};
/* End PBXGroup section */

/* Begin PBXNativeTarget section */
		B3DBA4F32FE1581100945016 /* PhotoMemo */ = {
			isa = PBXNativeTarget;
			buildConfigurationList = B3DBA4FF2FE1581300945016 /* Build configuration list for PBXNativeTarget "PhotoMemo" */;
			buildPhases = (
				B3DBA4F02FE1581100945016 /* Sources */,
				B3DBA4F12FE1581100945016 /* Frameworks */,
				B3DBA4F22FE1581100945016 /* Resources */,
			);
			buildRules = (
			);
			fileSystemSynchronizedGroups = (
				B3DBA4F62FE1581100945016 /* PhotoMemo */,
			);
			name = PhotoMemo;
			productName = PhotoMemo;
			productReference = B3DBA4F42FE1581100945016 /* PhotoMemo.app */;
			productType = "com.apple.product-type.application";
		};
		F4A1B2033A9C410100A10001 /* PhotoMemoiOS */ = {
			isa = PBXNativeTarget;
			buildConfigurationList = F4A1B2083A9C410100A10001 /* Build configuration list for PBXNativeTarget "PhotoMemoiOS" */;
			buildPhases = (
				F4A1B2043A9C410100A10001 /* Sources */,
				F4A1B2023A9C410100A10001 /* Frameworks */,
				F4A1B2053A9C410100A10001 /* Resources */,
				F4A1B2223A9C410100A10001 /* Embed App Extensions */,
			);
			buildRules = (
			);
			dependencies = (
				F4A1B2233A9C410100A10001 /* PBXTargetDependency */,
				F4A1B2353A9C410100A10001 /* PBXTargetDependency */,
			);
			fileSystemSynchronizedGroups = (
				B3DBA4F62FE1581100945016 /* PhotoMemo */,
			);
			name = PhotoMemoiOS;
			productName = PhotoMemoiOS;
			productReference = F4A1B2013A9C410100A10001 /* PhotoMemoiOS.app */;
			productType = "com.apple.product-type.application";
		};
		DF8E1E1435DC445F99C53213 /* PhotoMemoiOSMVP */ = {
			isa = PBXNativeTarget;
			buildConfigurationList = FD8F6E5CD0234A8BB96291DE /* Build configuration list for PBXNativeTarget "PhotoMemoiOSMVP" */;
			buildPhases = (
				F89B4A3D3DB343EBAF7D9B7F /* Sources */,
				630755BBC5174C7A80B839C4 /* Frameworks */,
				8BC39CB08D7741D3BB38C1AC /* Resources */,
			);
			buildRules = (
			);
			fileSystemSynchronizedGroups = (
				B3DBA4F62FE1581100945016 /* PhotoMemo */,
			);
			name = PhotoMemoiOSMVP;
			productName = PhotoMemoiOSMVP;
			productReference = 1155B1BF5AC74477ACAA1F66 /* PhotoMemoiOSMVP.app */;
			productType = "com.apple.product-type.application";
		};
		F4A1B20B3A9C410100A10001 /* PhotoMemoShareExtension */ = {
			isa = PBXNativeTarget;
			buildConfigurationList = F4A1B2103A9C410100A10001 /* Build configuration list for PBXNativeTarget "PhotoMemoShareExtension" */;
			buildPhases = (
				F4A1B20C3A9C410100A10001 /* Sources */,
				F4A1B20A3A9C410100A10001 /* Frameworks */,
				F4A1B20D3A9C410100A10001 /* Resources */,
			);
			buildRules = (
			);
			fileSystemSynchronizedGroups = (
				B3DBA4F62FE1581100945016 /* PhotoMemo */,
			);
			name = PhotoMemoShareExtension;
			productName = PhotoMemoShareExtension;
			productReference = F4A1B2093A9C410100A10001 /* PhotoMemoShareExtension.appex */;
			productType = "com.apple.product-type.app-extension";
		};
		F4A1B23E3A9C410100A10001 /* PhotoMemoWidgetExtension */ = {
			isa = PBXNativeTarget;
			buildConfigurationList = F4A1B2433A9C410100A10001 /* Build configuration list for PBXNativeTarget "PhotoMemoWidgetExtension" */;
			buildPhases = (
				F4A1B23A3A9C410100A10001 /* Sources */,
				F4A1B23B3A9C410100A10001 /* Frameworks */,
				F4A1B23C3A9C410100A10001 /* Resources */,
			);
			buildRules = (
			);
			fileSystemSynchronizedGroups = (
				F4A1B2373A9C410100A10001 /* PhotoMemoWidgetExtension */,
			);
			name = PhotoMemoWidgetExtension;
			productName = PhotoMemoWidgetExtension;
			productReference = F4A1B2333A9C410100A10001 /* PhotoMemoWidgetExtension.appex */;
			productType = "com.apple.product-type.app-extension";
		};
		F5B1000A3A9D000000A10001 /* PhotoMemoTests */ = {
			isa = PBXNativeTarget;
			buildConfigurationList = F5B1000B3A9D000000A10001 /* Build configuration list for PBXNativeTarget "PhotoMemoTests" */;
			buildPhases = (
				F5B100053A9D000000A10001 /* Sources */,
				F5B100043A9D000000A10001 /* Frameworks */,
				F5B100063A9D000000A10001 /* Resources */,
			);
			buildRules = (
			);
			dependencies = (
				F5B100093A9D000000A10001 /* PBXTargetDependency */,
			);
			fileSystemSynchronizedGroups = (
				F5B100033A9D000000A10001 /* ../../Tests/PhotoMemoTests */,
			);
			name = PhotoMemoTests;
			productName = PhotoMemoTests;
			productReference = F5B100023A9D000000A10001 /* PhotoMemoTests.xctest */;
			productType = "com.apple.product-type.bundle.unit-test";
		};
/* End PBXNativeTarget section */

/* Begin PBXProject section */
		B3DBA4EC2FE1581100945016 /* Project object */ = {
			isa = PBXProject;
			attributes = {
				BuildIndependentTargetsInParallel = 1;
				LastSwiftUpdateCheck = 2700;
				LastUpgradeCheck = 2700;
				TargetAttributes = {
					B3DBA4F32FE1581100945016 = {
						CreatedOnToolsVersion = 27.0;
					};
					F4A1B2033A9C410100A10001 = {
						CreatedOnToolsVersion = 27.0;
					};
					DF8E1E1435DC445F99C53213 = {
						CreatedOnToolsVersion = 27.0;
					};
					F4A1B20B3A9C410100A10001 = {
						CreatedOnToolsVersion = 27.0;
					};
					F4A1B23E3A9C410100A10001 = {
						CreatedOnToolsVersion = 27.0;
					};
					F5B1000A3A9D000000A10001 = {
						CreatedOnToolsVersion = 27.0;
						TestTargetID = B3DBA4F32FE1581100945016;
					};
				};
			};
			buildConfigurationList = B3DBA4EF2FE1581100945016 /* Build configuration list for PBXProject "PhotoMemo" */;
			developmentRegion = en;
			hasScannedForEncodings = 0;
			knownRegions = (
				en,
				Base,
			);
			mainGroup = B3DBA4EB2FE1581100945016;
			minimizedProjectReferenceProxies = 1;
			preferredProjectObjectVersion = 77;
			productRefGroup = B3DBA4F52FE1581100945016 /* Products */;
			projectDirPath = "";
			projectRoot = "";
			targets = (
				B3DBA4F32FE1581100945016 /* PhotoMemo */,
				F5B1000A3A9D000000A10001 /* PhotoMemoTests */,
				F4A1B2033A9C410100A10001 /* PhotoMemoiOS */,
				DF8E1E1435DC445F99C53213 /* PhotoMemoiOSMVP */,
				F4A1B20B3A9C410100A10001 /* PhotoMemoShareExtension */,
				F4A1B23E3A9C410100A10001 /* PhotoMemoWidgetExtension */,
			);
		};
/* End PBXProject section */

/* Begin PBXResourcesBuildPhase section */
		B3DBA4F22FE1581100945016 /* Resources */ = {
			isa = PBXResourcesBuildPhase;
			files = (
			);
		};
		F4A1B2053A9C410100A10001 /* Resources */ = {
			isa = PBXResourcesBuildPhase;
			files = (
			);
		};
		8BC39CB08D7741D3BB38C1AC /* Resources */ = {
			isa = PBXResourcesBuildPhase;
			files = (
			);
		};
		F4A1B20D3A9C410100A10001 /* Resources */ = {
			isa = PBXResourcesBuildPhase;
			files = (
			);
		};
		F4A1B23C3A9C410100A10001 /* Resources */ = {
			isa = PBXResourcesBuildPhase;
			files = (
			);
		};
		F5B100063A9D000000A10001 /* Resources */ = {
			isa = PBXResourcesBuildPhase;
			files = (
			);
		};
/* End PBXResourcesBuildPhase section */

/* Begin PBXSourcesBuildPhase section */
		B3DBA4F02FE1581100945016 /* Sources */ = {
			isa = PBXSourcesBuildPhase;
			files = (
			);
		};
		F4A1B2043A9C410100A10001 /* Sources */ = {
			isa = PBXSourcesBuildPhase;
			files = (
			);
		};
		F89B4A3D3DB343EBAF7D9B7F /* Sources */ = {
			isa = PBXSourcesBuildPhase;
			files = (
			);
		};
		F4A1B20C3A9C410100A10001 /* Sources */ = {
			isa = PBXSourcesBuildPhase;
			files = (
			);
		};
		F4A1B23A3A9C410100A10001 /* Sources */ = {
			isa = PBXSourcesBuildPhase;
			files = (
				F4A1B2303A9C410100A10001 /* PhotoMemo/iOS/Activity/PhotoMemoBackgroundLiveActivityPayload.swift in Sources */,
				F4A1B2313A9C410100A10001 /* PhotoMemo/iOS/Activity/PhotoMemoLiveActivityPresentation.swift in Sources */,
			);
		};
		F5B100053A9D000000A10001 /* Sources */ = {
			isa = PBXSourcesBuildPhase;
			files = (
			);
		};
/* End PBXSourcesBuildPhase section */

/* Begin PBXTargetDependency section */
		F4A1B2233A9C410100A10001 /* PBXTargetDependency */ = {
			isa = PBXTargetDependency;
			target = F4A1B20B3A9C410100A10001 /* PhotoMemoShareExtension */;
			targetProxy = F4A1B2213A9C410100A10001 /* PBXContainerItemProxy */;
		};
		F4A1B2353A9C410100A10001 /* PBXTargetDependency */ = {
			isa = PBXTargetDependency;
			target = F4A1B23E3A9C410100A10001 /* PhotoMemoWidgetExtension */;
			targetProxy = F4A1B2343A9C410100A10001 /* PBXContainerItemProxy */;
		};
		F5B100093A9D000000A10001 /* PBXTargetDependency */ = {
			isa = PBXTargetDependency;
			target = B3DBA4F32FE1581100945016 /* PhotoMemo */;
			targetProxy = F5B100013A9D000000A10001 /* PBXContainerItemProxy */;
		};
/* End PBXTargetDependency section */

/* Begin XCBuildConfiguration section */
		B3DBA4FD2FE1581300945016 /* Debug configuration for PBXProject "PhotoMemo" */ = {
			isa = XCBuildConfiguration;
			buildSettings = {
				ALWAYS_SEARCH_USER_PATHS = NO;
				ASSETCATALOG_COMPILER_GENERATE_SWIFT_ASSET_SYMBOL_EXTENSIONS = YES;
				CLANG_ANALYZER_NONNULL = YES;
				CLANG_ANALYZER_NUMBER_OBJECT_CONVERSION = YES_AGGRESSIVE;
				CLANG_CXX_LANGUAGE_STANDARD = "gnu++20";
				CLANG_ENABLE_MODULES = YES;
				CLANG_ENABLE_OBJC_ARC = YES;
				CLANG_ENABLE_OBJC_WEAK = YES;
				CLANG_WARN_BLOCK_CAPTURE_AUTORELEASING = YES;
				CLANG_WARN_BOOL_CONVERSION = YES;
				CLANG_WARN_COMMA = YES;
				CLANG_WARN_CONSTANT_CONVERSION = YES;
				CLANG_WARN_DEPRECATED_OBJC_IMPLEMENTATIONS = YES;
				CLANG_WARN_DIRECT_OBJC_ISA_USAGE = YES_ERROR;
				CLANG_WARN_DOCUMENTATION_COMMENTS = YES;
				CLANG_WARN_EMPTY_BODY = YES;
				CLANG_WARN_ENUM_CONVERSION = YES;
				CLANG_WARN_INFINITE_RECURSION = YES;
				CLANG_WARN_INT_CONVERSION = YES;
				CLANG_WARN_NON_LITERAL_NULL_CONVERSION = YES;
				CLANG_WARN_OBJC_IMPLICIT_RETAIN_SELF = YES;
				CLANG_WARN_OBJC_LITERAL_CONVERSION = YES;
				CLANG_WARN_OBJC_ROOT_CLASS = YES_ERROR;
				CLANG_WARN_QUOTED_INCLUDE_IN_FRAMEWORK_HEADER = YES;
				CLANG_WARN_RANGE_LOOP_ANALYSIS = YES;
				CLANG_WARN_STRICT_PROTOTYPES = YES;
				CLANG_WARN_SUSPICIOUS_MOVE = YES;
				CLANG_WARN_UNGUARDED_AVAILABILITY = YES_AGGRESSIVE;
				CLANG_WARN_UNREACHABLE_CODE = YES;
				CLANG_WARN__DUPLICATE_METHOD_MATCH = YES;
				COPY_PHASE_STRIP = NO;
				DEBUG_INFORMATION_FORMAT = dwarf;
				DEVELOPMENT_TEAM = UK7ZR8G564;
				ENABLE_STRICT_OBJC_MSGSEND = YES;
				ENABLE_TESTABILITY = YES;
				ENABLE_USER_SCRIPT_SANDBOXING = YES;
				GCC_C_LANGUAGE_STANDARD = gnu17;
				GCC_DYNAMIC_NO_PIC = NO;
				GCC_NO_COMMON_BLOCKS = YES;
				GCC_OPTIMIZATION_LEVEL = 0;
				GCC_PREPROCESSOR_DEFINITIONS = (
					"DEBUG=1",
					"$(inherited)",
				);
				GCC_WARN_64_TO_32_BIT_CONVERSION = YES;
				GCC_WARN_ABOUT_RETURN_TYPE = YES_ERROR;
				GCC_WARN_UNDECLARED_SELECTOR = YES;
				GCC_WARN_UNINITIALIZED_AUTOS = YES_AGGRESSIVE;
				GCC_WARN_UNUSED_FUNCTION = YES;
				GCC_WARN_UNUSED_VARIABLE = YES;
				LOCALIZATION_PREFERS_STRING_CATALOGS = YES;
				MACOSX_DEPLOYMENT_TARGET = 27.0;
				MTL_ENABLE_DEBUG_INFO = INCLUDE_SOURCE;
				MTL_FAST_MATH = YES;
				ONLY_ACTIVE_ARCH = YES;
				SDKROOT = macosx;
				SWIFT_ACTIVE_COMPILATION_CONDITIONS = "DEBUG $(inherited)";
				SWIFT_OPTIMIZATION_LEVEL = "-Onone";
			};
			name = Debug;
		};
		B3DBA4FE2FE1581300945016 /* Release configuration for PBXProject "PhotoMemo" */ = {
			isa = XCBuildConfiguration;
			buildSettings = {
				ALWAYS_SEARCH_USER_PATHS = NO;
				ASSETCATALOG_COMPILER_GENERATE_SWIFT_ASSET_SYMBOL_EXTENSIONS = YES;
				CLANG_ANALYZER_NONNULL = YES;
				CLANG_ANALYZER_NUMBER_OBJECT_CONVERSION = YES_AGGRESSIVE;
				CLANG_CXX_LANGUAGE_STANDARD = "gnu++20";
				CLANG_ENABLE_MODULES = YES;
				CLANG_ENABLE_OBJC_ARC = YES;
				CLANG_ENABLE_OBJC_WEAK = YES;
				CLANG_WARN_BLOCK_CAPTURE_AUTORELEASING = YES;
				CLANG_WARN_BOOL_CONVERSION = YES;
				CLANG_WARN_COMMA = YES;
				CLANG_WARN_CONSTANT_CONVERSION = YES;
				CLANG_WARN_DEPRECATED_OBJC_IMPLEMENTATIONS = YES;
				CLANG_WARN_DIRECT_OBJC_ISA_USAGE = YES_ERROR;
				CLANG_WARN_DOCUMENTATION_COMMENTS = YES;
				CLANG_WARN_EMPTY_BODY = YES;
				CLANG_WARN_ENUM_CONVERSION = YES;
				CLANG_WARN_INFINITE_RECURSION = YES;
				CLANG_WARN_INT_CONVERSION = YES;
				CLANG_WARN_NON_LITERAL_NULL_CONVERSION = YES;
				CLANG_WARN_OBJC_IMPLICIT_RETAIN_SELF = YES;
				CLANG_WARN_OBJC_LITERAL_CONVERSION = YES;
				CLANG_WARN_OBJC_ROOT_CLASS = YES_ERROR;
				CLANG_WARN_QUOTED_INCLUDE_IN_FRAMEWORK_HEADER = YES;
				CLANG_WARN_RANGE_LOOP_ANALYSIS = YES;
				CLANG_WARN_STRICT_PROTOTYPES = YES;
				CLANG_WARN_SUSPICIOUS_MOVE = YES;
				CLANG_WARN_UNGUARDED_AVAILABILITY = YES_AGGRESSIVE;
				CLANG_WARN_UNREACHABLE_CODE = YES;
				CLANG_WARN__DUPLICATE_METHOD_MATCH = YES;
				COPY_PHASE_STRIP = NO;
				DEBUG_INFORMATION_FORMAT = "dwarf-with-dsym";
				DEVELOPMENT_TEAM = UK7ZR8G564;
				ENABLE_NS_ASSERTIONS = NO;
				ENABLE_STRICT_OBJC_MSGSEND = YES;
				ENABLE_USER_SCRIPT_SANDBOXING = YES;
				GCC_C_LANGUAGE_STANDARD = gnu17;
				GCC_NO_COMMON_BLOCKS = YES;
				GCC_WARN_64_TO_32_BIT_CONVERSION = YES;
				GCC_WARN_ABOUT_RETURN_TYPE = YES_ERROR;
				GCC_WARN_UNDECLARED_SELECTOR = YES;
				GCC_WARN_UNINITIALIZED_AUTOS = YES_AGGRESSIVE;
				GCC_WARN_UNUSED_FUNCTION = YES;
				GCC_WARN_UNUSED_VARIABLE = YES;
				LOCALIZATION_PREFERS_STRING_CATALOGS = YES;
				MACOSX_DEPLOYMENT_TARGET = 27.0;
				MTL_ENABLE_DEBUG_INFO = NO;
				MTL_FAST_MATH = YES;
				SDKROOT = macosx;
				SWIFT_COMPILATION_MODE = wholemodule;
			};
			name = Release;
		};
		B3DBA5002FE1581300945016 /* Debug configuration for PBXNativeTarget "PhotoMemo" */ = {
			isa = XCBuildConfiguration;
			buildSettings = {
				ASSETCATALOG_COMPILER_APPICON_NAME = AppIcon;
				ASSETCATALOG_COMPILER_GLOBAL_ACCENT_COLOR_NAME = AccentColor;
				CODE_SIGN_ENTITLEMENTS = PhotoMemo/PhotoMemo.entitlements;
				CODE_SIGN_STYLE = Automatic;
				COMBINE_HIDPI_IMAGES = YES;
				CURRENT_PROJECT_VERSION = 1;
				DEVELOPMENT_TEAM = UK7ZR8G564;
				ENABLE_APP_SANDBOX = YES;
				ENABLE_HARDENED_RUNTIME = YES;
				ENABLE_PREVIEWS = YES;
				ENABLE_USER_SELECTED_FILES = readonly;
				GENERATE_INFOPLIST_FILE = YES;
				INFOPLIST_KEY_NSHumanReadableCopyright = "";
				INFOPLIST_KEY_NSPhotoLibraryAddUsageDescription = "PhotoMemo 需要把处理后的照片存回你的系统相册。";
				INFOPLIST_KEY_NSPhotoLibraryUsageDescription = "PhotoMemo 需要读取你选择的相册，并把处理后的照片保存进去。";
				LD_RUNPATH_SEARCH_PATHS = (
					"$(inherited)",
					"@executable_path/../Frameworks",
				);
				MARKETING_VERSION = 1.0;
				PRODUCT_BUNDLE_IDENTIFIER = com.serydoo.PhotoMemo;
				PRODUCT_NAME = "$(TARGET_NAME)";
				REGISTER_APP_GROUPS = YES;
				STRING_CATALOG_GENERATE_SYMBOLS = YES;
				SWIFT_APPROACHABLE_CONCURRENCY = YES;
				SWIFT_DEFAULT_ACTOR_ISOLATION = MainActor;
				SWIFT_EMIT_LOC_STRINGS = YES;
				SWIFT_UPCOMING_FEATURE_MEMBER_IMPORT_VISIBILITY = YES;
				SWIFT_VERSION = 5.0;
			};
			name = Debug;
		};
		B3DBA5012FE1581300945016 /* Release configuration for PBXNativeTarget "PhotoMemo" */ = {
			isa = XCBuildConfiguration;
			buildSettings = {
				ASSETCATALOG_COMPILER_APPICON_NAME = AppIcon;
				ASSETCATALOG_COMPILER_GLOBAL_ACCENT_COLOR_NAME = AccentColor;
				CODE_SIGN_ENTITLEMENTS = PhotoMemo/PhotoMemo.entitlements;
				CODE_SIGN_STYLE = Automatic;
				COMBINE_HIDPI_IMAGES = YES;
				CURRENT_PROJECT_VERSION = 1;
				DEVELOPMENT_TEAM = UK7ZR8G564;
				ENABLE_APP_SANDBOX = YES;
				ENABLE_HARDENED_RUNTIME = YES;
				ENABLE_PREVIEWS = YES;
				ENABLE_USER_SELECTED_FILES = readonly;
				GENERATE_INFOPLIST_FILE = YES;
				INFOPLIST_KEY_NSHumanReadableCopyright = "";
				INFOPLIST_KEY_NSPhotoLibraryAddUsageDescription = "PhotoMemo 需要把处理后的照片存回你的系统相册。";
				INFOPLIST_KEY_NSPhotoLibraryUsageDescription = "PhotoMemo 需要读取你选择的相册，并把处理后的照片保存进去。";
				LD_RUNPATH_SEARCH_PATHS = (
					"$(inherited)",
					"@executable_path/../Frameworks",
				);
				MARKETING_VERSION = 1.0;
				PRODUCT_BUNDLE_IDENTIFIER = com.serydoo.PhotoMemo;
				PRODUCT_NAME = "$(TARGET_NAME)";
				REGISTER_APP_GROUPS = YES;
				STRING_CATALOG_GENERATE_SYMBOLS = YES;
				SWIFT_APPROACHABLE_CONCURRENCY = YES;
				SWIFT_DEFAULT_ACTOR_ISOLATION = MainActor;
				SWIFT_EMIT_LOC_STRINGS = YES;
				SWIFT_UPCOMING_FEATURE_MEMBER_IMPORT_VISIBILITY = YES;
				SWIFT_VERSION = 5.0;
			};
			name = Release;
		};
		F4A1B2063A9C410100A10001 /* Debug configuration for PBXNativeTarget "PhotoMemoiOS" */ = {
			isa = XCBuildConfiguration;
			buildSettings = {
				ASSETCATALOG_COMPILER_APPICON_NAME = AppIcon;
				ASSETCATALOG_COMPILER_GLOBAL_ACCENT_COLOR_NAME = AccentColor;
				CODE_SIGN_ENTITLEMENTS = PhotoMemo/PhotoMemoiOS.entitlements;
				CODE_SIGN_STYLE = Automatic;
				CURRENT_PROJECT_VERSION = 1;
				DEVELOPMENT_TEAM = UK7ZR8G564;
				GENERATE_INFOPLIST_FILE = YES;
				INFOPLIST_KEY_CFBundleURLTypes = "{\n    CFBundleTypeRole = Editor;\n    CFBundleURLName = \"com.serydoo.PhotoMemo.iOS\";\n    CFBundleURLSchemes =     (\n        photomemo\n    );\n}";
				INFOPLIST_KEY_NSHumanReadableCopyright = "";
				INFOPLIST_KEY_NSPhotoLibraryAddUsageDescription = "PhotoMemo 需要把处理后的照片存回你的系统相册。";
				INFOPLIST_KEY_NSPhotoLibraryUsageDescription = "PhotoMemo 需要读取你选择的照片与相册，并把处理后的照片保存进去。";
				INFOPLIST_KEY_NSSupportsLiveActivities = YES;
				INFOPLIST_KEY_UILaunchStoryboardName = LaunchScreen;
				INFOPLIST_KEY_UISupportedInterfaceOrientations_iPad = "UIInterfaceOrientationPortrait UIInterfaceOrientationPortraitUpsideDown UIInterfaceOrientationLandscapeLeft UIInterfaceOrientationLandscapeRight";
				INFOPLIST_KEY_UISupportedInterfaceOrientations_iPhone = "UIInterfaceOrientationPortrait UIInterfaceOrientationLandscapeLeft UIInterfaceOrientationLandscapeRight";
				IPHONEOS_DEPLOYMENT_TARGET = 18.0;
				LD_RUNPATH_SEARCH_PATHS = (
					"$(inherited)",
					"@executable_path/Frameworks",
				);
				MARKETING_VERSION = 1.0;
				PRODUCT_BUNDLE_IDENTIFIER = com.serydoo.PhotoMemo.iOS;
				PRODUCT_NAME = "$(TARGET_NAME)";
				SDKROOT = iphoneos;
				STRING_CATALOG_GENERATE_SYMBOLS = YES;
				SUPPORTED_PLATFORMS = "iphoneos iphonesimulator";
				SUPPORTS_MACCATALYST = NO;
				SWIFT_APPROACHABLE_CONCURRENCY = YES;
				SWIFT_DEFAULT_ACTOR_ISOLATION = MainActor;
				SWIFT_EMIT_LOC_STRINGS = YES;
				SWIFT_UPCOMING_FEATURE_MEMBER_IMPORT_VISIBILITY = YES;
				SWIFT_VERSION = 5.0;
				TARGETED_DEVICE_FAMILY = "1,2";
			};
			name = Debug;
		};
		F4A1B2073A9C410100A10001 /* Release configuration for PBXNativeTarget "PhotoMemoiOS" */ = {
			isa = XCBuildConfiguration;
			buildSettings = {
				ASSETCATALOG_COMPILER_APPICON_NAME = AppIcon;
				ASSETCATALOG_COMPILER_GLOBAL_ACCENT_COLOR_NAME = AccentColor;
				CODE_SIGN_ENTITLEMENTS = PhotoMemo/PhotoMemoiOS.entitlements;
				CODE_SIGN_STYLE = Automatic;
				CURRENT_PROJECT_VERSION = 1;
				DEVELOPMENT_TEAM = UK7ZR8G564;
				GENERATE_INFOPLIST_FILE = YES;
				INFOPLIST_KEY_CFBundleURLTypes = "{\n    CFBundleTypeRole = Editor;\n    CFBundleURLName = \"com.serydoo.PhotoMemo.iOS\";\n    CFBundleURLSchemes =     (\n        photomemo\n    );\n}";
				INFOPLIST_KEY_NSHumanReadableCopyright = "";
				INFOPLIST_KEY_NSPhotoLibraryAddUsageDescription = "PhotoMemo 需要把处理后的照片存回你的系统相册。";
				INFOPLIST_KEY_NSPhotoLibraryUsageDescription = "PhotoMemo 需要读取你选择的照片与相册，并把处理后的照片保存进去。";
				INFOPLIST_KEY_NSSupportsLiveActivities = YES;
				INFOPLIST_KEY_UILaunchStoryboardName = LaunchScreen;
				INFOPLIST_KEY_UISupportedInterfaceOrientations_iPad = "UIInterfaceOrientationPortrait UIInterfaceOrientationPortraitUpsideDown UIInterfaceOrientationLandscapeLeft UIInterfaceOrientationLandscapeRight";
				INFOPLIST_KEY_UISupportedInterfaceOrientations_iPhone = "UIInterfaceOrientationPortrait UIInterfaceOrientationLandscapeLeft UIInterfaceOrientationLandscapeRight";
				IPHONEOS_DEPLOYMENT_TARGET = 18.0;
				LD_RUNPATH_SEARCH_PATHS = (
					"$(inherited)",
					"@executable_path/Frameworks",
				);
				MARKETING_VERSION = 1.0;
				PRODUCT_BUNDLE_IDENTIFIER = com.serydoo.PhotoMemo.iOS;
				PRODUCT_NAME = "$(TARGET_NAME)";
				SDKROOT = iphoneos;
				STRING_CATALOG_GENERATE_SYMBOLS = YES;
				SUPPORTED_PLATFORMS = "iphoneos iphonesimulator";
				SUPPORTS_MACCATALYST = NO;
				SWIFT_APPROACHABLE_CONCURRENCY = YES;
				SWIFT_DEFAULT_ACTOR_ISOLATION = MainActor;
				SWIFT_EMIT_LOC_STRINGS = YES;
				SWIFT_UPCOMING_FEATURE_MEMBER_IMPORT_VISIBILITY = YES;
				SWIFT_VERSION = 5.0;
				TARGETED_DEVICE_FAMILY = "1,2";
			};
			name = Release;
		};
		F9F054D5C7B4471E885C1840 /* Debug configuration for PBXNativeTarget "PhotoMemoiOSMVP" */ = {
			isa = XCBuildConfiguration;
			buildSettings = {
				ASSETCATALOG_COMPILER_APPICON_NAME = AppIcon;
				ASSETCATALOG_COMPILER_GLOBAL_ACCENT_COLOR_NAME = AccentColor;
				CODE_SIGN_ENTITLEMENTS = PhotoMemo/PhotoMemoiOS.entitlements;
				CODE_SIGN_STYLE = Automatic;
				CURRENT_PROJECT_VERSION = 1;
				DEVELOPMENT_TEAM = UK7ZR8G564;
				GENERATE_INFOPLIST_FILE = YES;
				INFOPLIST_KEY_CFBundleDisplayName = "PhotoMemo MVP";
				INFOPLIST_KEY_NSHumanReadableCopyright = "";
				INFOPLIST_KEY_NSPhotoLibraryAddUsageDescription = "PhotoMemo MVP 需要把处理后的照片存回你的系统相册。";
				INFOPLIST_KEY_NSPhotoLibraryUsageDescription = "PhotoMemo MVP 需要读取你选择的照片与相册，并把处理后的照片保存进去。";
				INFOPLIST_KEY_UILaunchStoryboardName = LaunchScreen;
				INFOPLIST_KEY_UISupportedInterfaceOrientations_iPad = "UIInterfaceOrientationPortrait UIInterfaceOrientationPortraitUpsideDown UIInterfaceOrientationLandscapeLeft UIInterfaceOrientationLandscapeRight";
				INFOPLIST_KEY_UISupportedInterfaceOrientations_iPhone = "UIInterfaceOrientationPortrait UIInterfaceOrientationLandscapeLeft UIInterfaceOrientationLandscapeRight";
				IPHONEOS_DEPLOYMENT_TARGET = 18.0;
				LD_RUNPATH_SEARCH_PATHS = (
					"$(inherited)",
					"@executable_path/Frameworks",
				);
				MARKETING_VERSION = 1.0;
				PRODUCT_BUNDLE_IDENTIFIER = com.serydoo.PhotoMemo.iOS.MVP;
				PRODUCT_NAME = "$(TARGET_NAME)";
				SDKROOT = iphoneos;
				STRING_CATALOG_GENERATE_SYMBOLS = YES;
				SUPPORTED_PLATFORMS = "iphoneos iphonesimulator";
				SUPPORTS_MACCATALYST = NO;
				SWIFT_APPROACHABLE_CONCURRENCY = YES;
				SWIFT_DEFAULT_ACTOR_ISOLATION = MainActor;
				SWIFT_EMIT_LOC_STRINGS = YES;
				SWIFT_UPCOMING_FEATURE_MEMBER_IMPORT_VISIBILITY = YES;
				SWIFT_VERSION = 5.0;
				TARGETED_DEVICE_FAMILY = "1,2";
			};
			name = Debug;
		};
		2DB40F57D9AA4FC5AD790FF2 /* Release configuration for PBXNativeTarget "PhotoMemoiOSMVP" */ = {
			isa = XCBuildConfiguration;
			buildSettings = {
				ASSETCATALOG_COMPILER_APPICON_NAME = AppIcon;
				ASSETCATALOG_COMPILER_GLOBAL_ACCENT_COLOR_NAME = AccentColor;
				CODE_SIGN_ENTITLEMENTS = PhotoMemo/PhotoMemoiOS.entitlements;
				CODE_SIGN_STYLE = Automatic;
				CURRENT_PROJECT_VERSION = 1;
				DEVELOPMENT_TEAM = UK7ZR8G564;
				GENERATE_INFOPLIST_FILE = YES;
				INFOPLIST_KEY_CFBundleDisplayName = "PhotoMemo MVP";
				INFOPLIST_KEY_NSHumanReadableCopyright = "";
				INFOPLIST_KEY_NSPhotoLibraryAddUsageDescription = "PhotoMemo MVP 需要把处理后的照片存回你的系统相册。";
				INFOPLIST_KEY_NSPhotoLibraryUsageDescription = "PhotoMemo MVP 需要读取你选择的照片与相册，并把处理后的照片保存进去。";
				INFOPLIST_KEY_UILaunchStoryboardName = LaunchScreen;
				INFOPLIST_KEY_UISupportedInterfaceOrientations_iPad = "UIInterfaceOrientationPortrait UIInterfaceOrientationPortraitUpsideDown UIInterfaceOrientationLandscapeLeft UIInterfaceOrientationLandscapeRight";
				INFOPLIST_KEY_UISupportedInterfaceOrientations_iPhone = "UIInterfaceOrientationPortrait UIInterfaceOrientationLandscapeLeft UIInterfaceOrientationLandscapeRight";
				IPHONEOS_DEPLOYMENT_TARGET = 18.0;
				LD_RUNPATH_SEARCH_PATHS = (
					"$(inherited)",
					"@executable_path/Frameworks",
				);
				MARKETING_VERSION = 1.0;
				PRODUCT_BUNDLE_IDENTIFIER = com.serydoo.PhotoMemo.iOS.MVP;
				PRODUCT_NAME = "$(TARGET_NAME)";
				SDKROOT = iphoneos;
				STRING_CATALOG_GENERATE_SYMBOLS = YES;
				SUPPORTED_PLATFORMS = "iphoneos iphonesimulator";
				SUPPORTS_MACCATALYST = NO;
				SWIFT_APPROACHABLE_CONCURRENCY = YES;
				SWIFT_DEFAULT_ACTOR_ISOLATION = MainActor;
				SWIFT_EMIT_LOC_STRINGS = YES;
				SWIFT_UPCOMING_FEATURE_MEMBER_IMPORT_VISIBILITY = YES;
				SWIFT_VERSION = 5.0;
				TARGETED_DEVICE_FAMILY = "1,2";
			};
			name = Release;
		};
		F4A1B20E3A9C410100A10001 /* Debug configuration for PBXNativeTarget "PhotoMemoShareExtension" */ = {
			isa = XCBuildConfiguration;
			buildSettings = {
				CODE_SIGN_ENTITLEMENTS = PhotoMemo/PhotoMemoShareExtension.entitlements;
				CODE_SIGN_STYLE = Automatic;
				CURRENT_PROJECT_VERSION = 1;
				DEVELOPMENT_TEAM = UK7ZR8G564;
				GENERATE_INFOPLIST_FILE = NO;
				INFOPLIST_FILE = "ShareExtension-Info.plist";
				IPHONEOS_DEPLOYMENT_TARGET = 18.0;
				LD_RUNPATH_SEARCH_PATHS = (
					"$(inherited)",
					"@executable_path/Frameworks",
					"@executable_path/../../Frameworks",
				);
				MARKETING_VERSION = 1.0;
				PRODUCT_BUNDLE_IDENTIFIER = com.serydoo.PhotoMemo.iOS.ShareExtension;
				PRODUCT_NAME = "$(TARGET_NAME)";
				SDKROOT = iphoneos;
				SKIP_INSTALL = YES;
				STRING_CATALOG_GENERATE_SYMBOLS = YES;
				SUPPORTED_PLATFORMS = "iphoneos iphonesimulator";
				SUPPORTS_MACCATALYST = NO;
				SWIFT_ACTIVE_COMPILATION_CONDITIONS = "PHOTOMEMO_SHARE_EXTENSION $(inherited)";
				SWIFT_APPROACHABLE_CONCURRENCY = YES;
				SWIFT_DEFAULT_ACTOR_ISOLATION = MainActor;
				SWIFT_EMIT_LOC_STRINGS = YES;
				SWIFT_UPCOMING_FEATURE_MEMBER_IMPORT_VISIBILITY = YES;
				SWIFT_VERSION = 5.0;
				TARGETED_DEVICE_FAMILY = 1;
			};
			name = Debug;
		};
		F4A1B20F3A9C410100A10001 /* Release configuration for PBXNativeTarget "PhotoMemoShareExtension" */ = {
			isa = XCBuildConfiguration;
			buildSettings = {
				CODE_SIGN_ENTITLEMENTS = PhotoMemo/PhotoMemoShareExtension.entitlements;
				CODE_SIGN_STYLE = Automatic;
				CURRENT_PROJECT_VERSION = 1;
				DEVELOPMENT_TEAM = UK7ZR8G564;
				GENERATE_INFOPLIST_FILE = NO;
				INFOPLIST_FILE = "ShareExtension-Info.plist";
				IPHONEOS_DEPLOYMENT_TARGET = 18.0;
				LD_RUNPATH_SEARCH_PATHS = (
					"$(inherited)",
					"@executable_path/Frameworks",
					"@executable_path/../../Frameworks",
				);
				MARKETING_VERSION = 1.0;
				PRODUCT_BUNDLE_IDENTIFIER = com.serydoo.PhotoMemo.iOS.ShareExtension;
				PRODUCT_NAME = "$(TARGET_NAME)";
				SDKROOT = iphoneos;
				SKIP_INSTALL = YES;
				STRING_CATALOG_GENERATE_SYMBOLS = YES;
				SUPPORTED_PLATFORMS = "iphoneos iphonesimulator";
				SUPPORTS_MACCATALYST = NO;
				SWIFT_ACTIVE_COMPILATION_CONDITIONS = "PHOTOMEMO_SHARE_EXTENSION $(inherited)";
				SWIFT_APPROACHABLE_CONCURRENCY = YES;
				SWIFT_DEFAULT_ACTOR_ISOLATION = MainActor;
				SWIFT_EMIT_LOC_STRINGS = YES;
				SWIFT_UPCOMING_FEATURE_MEMBER_IMPORT_VISIBILITY = YES;
				SWIFT_VERSION = 5.0;
				TARGETED_DEVICE_FAMILY = 1;
			};
			name = Release;
		};
		F4A1B2403A9C410100A10001 /* Debug configuration for PBXNativeTarget "PhotoMemoWidgetExtension" */ = {
			isa = XCBuildConfiguration;
			buildSettings = {
				APPLICATION_EXTENSION_API_ONLY = YES;
				CODE_SIGN_STYLE = Automatic;
				CURRENT_PROJECT_VERSION = 1;
				DEVELOPMENT_TEAM = UK7ZR8G564;
				GENERATE_INFOPLIST_FILE = NO;
				INFOPLIST_FILE = "PhotoMemoWidgetExtension-Info.plist";
				IPHONEOS_DEPLOYMENT_TARGET = 18.0;
				LD_RUNPATH_SEARCH_PATHS = (
					"$(inherited)",
					"@executable_path/Frameworks",
					"@executable_path/../../Frameworks",
				);
				MARKETING_VERSION = 1.0;
				PRODUCT_BUNDLE_IDENTIFIER = com.serydoo.PhotoMemo.iOS.WidgetExtension;
				PRODUCT_NAME = "$(TARGET_NAME)";
				SDKROOT = iphoneos;
				SKIP_INSTALL = YES;
				STRING_CATALOG_GENERATE_SYMBOLS = YES;
				SUPPORTED_PLATFORMS = "iphoneos iphonesimulator";
				SUPPORTS_MACCATALYST = NO;
				SWIFT_ACTIVE_COMPILATION_CONDITIONS = "PHOTOMEMO_WIDGET_EXTENSION $(inherited)";
				SWIFT_APPROACHABLE_CONCURRENCY = YES;
				SWIFT_DEFAULT_ACTOR_ISOLATION = MainActor;
				SWIFT_EMIT_LOC_STRINGS = YES;
				SWIFT_UPCOMING_FEATURE_MEMBER_IMPORT_VISIBILITY = YES;
				SWIFT_VERSION = 5.0;
				TARGETED_DEVICE_FAMILY = "1,2";
			};
			name = Debug;
		};
		F4A1B2413A9C410100A10001 /* Release configuration for PBXNativeTarget "PhotoMemoWidgetExtension" */ = {
			isa = XCBuildConfiguration;
			buildSettings = {
				APPLICATION_EXTENSION_API_ONLY = YES;
				CODE_SIGN_STYLE = Automatic;
				CURRENT_PROJECT_VERSION = 1;
				DEVELOPMENT_TEAM = UK7ZR8G564;
				GENERATE_INFOPLIST_FILE = NO;
				INFOPLIST_FILE = "PhotoMemoWidgetExtension-Info.plist";
				IPHONEOS_DEPLOYMENT_TARGET = 18.0;
				LD_RUNPATH_SEARCH_PATHS = (
					"$(inherited)",
					"@executable_path/Frameworks",
					"@executable_path/../../Frameworks",
				);
				MARKETING_VERSION = 1.0;
				PRODUCT_BUNDLE_IDENTIFIER = com.serydoo.PhotoMemo.iOS.WidgetExtension;
				PRODUCT_NAME = "$(TARGET_NAME)";
				SDKROOT = iphoneos;
				SKIP_INSTALL = YES;
				STRING_CATALOG_GENERATE_SYMBOLS = YES;
				SUPPORTED_PLATFORMS = "iphoneos iphonesimulator";
				SUPPORTS_MACCATALYST = NO;
				SWIFT_ACTIVE_COMPILATION_CONDITIONS = "PHOTOMEMO_WIDGET_EXTENSION $(inherited)";
				SWIFT_APPROACHABLE_CONCURRENCY = YES;
				SWIFT_DEFAULT_ACTOR_ISOLATION = MainActor;
				SWIFT_EMIT_LOC_STRINGS = YES;
				SWIFT_UPCOMING_FEATURE_MEMBER_IMPORT_VISIBILITY = YES;
				SWIFT_VERSION = 5.0;
				TARGETED_DEVICE_FAMILY = "1,2";
			};
			name = Release;
		};
		F5B100073A9D000000A10001 /* Debug configuration for PBXNativeTarget "PhotoMemoTests" */ = {
			isa = XCBuildConfiguration;
			buildSettings = {
				BUNDLE_LOADER = "$(TEST_HOST)";
				CODE_SIGN_STYLE = Automatic;
				CURRENT_PROJECT_VERSION = 1;
				DEVELOPMENT_TEAM = UK7ZR8G564;
				GENERATE_INFOPLIST_FILE = YES;
				MACOSX_DEPLOYMENT_TARGET = 27.0;
				PRODUCT_BUNDLE_IDENTIFIER = com.serydoo.PhotoMemoTests;
				PRODUCT_NAME = "$(TARGET_NAME)";
				SKIP_INSTALL = YES;
				SWIFT_APPROACHABLE_CONCURRENCY = YES;
				SWIFT_DEFAULT_ACTOR_ISOLATION = MainActor;
				SWIFT_EMIT_LOC_STRINGS = NO;
				SWIFT_VERSION = 5.0;
				TEST_HOST = "$(BUILT_PRODUCTS_DIR)/PhotoMemo.app/Contents/MacOS/PhotoMemo";
				TEST_TARGET_NAME = PhotoMemo;
			};
			name = Debug;
		};
		F5B100083A9D000000A10001 /* Release configuration for PBXNativeTarget "PhotoMemoTests" */ = {
			isa = XCBuildConfiguration;
			buildSettings = {
				BUNDLE_LOADER = "$(TEST_HOST)";
				CODE_SIGN_STYLE = Automatic;
				CURRENT_PROJECT_VERSION = 1;
				DEVELOPMENT_TEAM = UK7ZR8G564;
				GENERATE_INFOPLIST_FILE = YES;
				MACOSX_DEPLOYMENT_TARGET = 27.0;
				PRODUCT_BUNDLE_IDENTIFIER = com.serydoo.PhotoMemoTests;
				PRODUCT_NAME = "$(TARGET_NAME)";
				SKIP_INSTALL = YES;
				SWIFT_APPROACHABLE_CONCURRENCY = YES;
				SWIFT_DEFAULT_ACTOR_ISOLATION = MainActor;
				SWIFT_EMIT_LOC_STRINGS = NO;
				SWIFT_VERSION = 5.0;
				TEST_HOST = "$(BUILT_PRODUCTS_DIR)/PhotoMemo.app/Contents/MacOS/PhotoMemo";
				TEST_TARGET_NAME = PhotoMemo;
			};
			name = Release;
		};
/* End XCBuildConfiguration section */

/* Begin XCConfigurationList section */
		B3DBA4EF2FE1581100945016 /* Build configuration list for PBXProject "PhotoMemo" */ = {
			isa = XCConfigurationList;
			buildConfigurations = (
				B3DBA4FD2FE1581300945016 /* Debug configuration for PBXProject "PhotoMemo" */,
				B3DBA4FE2FE1581300945016 /* Release configuration for PBXProject "PhotoMemo" */,
			);
			defaultConfigurationName = Release;
		};
		B3DBA4FF2FE1581300945016 /* Build configuration list for PBXNativeTarget "PhotoMemo" */ = {
			isa = XCConfigurationList;
			buildConfigurations = (
				B3DBA5002FE1581300945016 /* Debug configuration for PBXNativeTarget "PhotoMemo" */,
				B3DBA5012FE1581300945016 /* Release configuration for PBXNativeTarget "PhotoMemo" */,
			);
			defaultConfigurationName = Release;
		};
		F4A1B2083A9C410100A10001 /* Build configuration list for PBXNativeTarget "PhotoMemoiOS" */ = {
			isa = XCConfigurationList;
			buildConfigurations = (
				F4A1B2063A9C410100A10001 /* Debug configuration for PBXNativeTarget "PhotoMemoiOS" */,
				F4A1B2073A9C410100A10001 /* Release configuration for PBXNativeTarget "PhotoMemoiOS" */,
			);
			defaultConfigurationName = Release;
		};
		FD8F6E5CD0234A8BB96291DE /* Build configuration list for PBXNativeTarget "PhotoMemoiOSMVP" */ = {
			isa = XCConfigurationList;
			buildConfigurations = (
				F9F054D5C7B4471E885C1840 /* Debug configuration for PBXNativeTarget "PhotoMemoiOSMVP" */,
				2DB40F57D9AA4FC5AD790FF2 /* Release configuration for PBXNativeTarget "PhotoMemoiOSMVP" */,
			);
			defaultConfigurationName = Release;
		};
		F4A1B2103A9C410100A10001 /* Build configuration list for PBXNativeTarget "PhotoMemoShareExtension" */ = {
			isa = XCConfigurationList;
			buildConfigurations = (
				F4A1B20E3A9C410100A10001 /* Debug configuration for PBXNativeTarget "PhotoMemoShareExtension" */,
				F4A1B20F3A9C410100A10001 /* Release configuration for PBXNativeTarget "PhotoMemoShareExtension" */,
			);
			defaultConfigurationName = Release;
		};
		F4A1B2433A9C410100A10001 /* Build configuration list for PBXNativeTarget "PhotoMemoWidgetExtension" */ = {
			isa = XCConfigurationList;
			buildConfigurations = (
				F4A1B2403A9C410100A10001 /* Debug configuration for PBXNativeTarget "PhotoMemoWidgetExtension" */,
				F4A1B2413A9C410100A10001 /* Release configuration for PBXNativeTarget "PhotoMemoWidgetExtension" */,
			);
			defaultConfigurationName = Release;
		};
		F5B1000B3A9D000000A10001 /* Build configuration list for PBXNativeTarget "PhotoMemoTests" */ = {
			isa = XCConfigurationList;
			buildConfigurations = (
				F5B100073A9D000000A10001 /* Debug configuration for PBXNativeTarget "PhotoMemoTests" */,
				F5B100083A9D000000A10001 /* Release configuration for PBXNativeTarget "PhotoMemoTests" */,
			);
			defaultConfigurationName = Release;
		};
/* End XCConfigurationList section */
	};
	rootObject = B3DBA4EC2FE1581100945016 /* Project object */;
	validationLevel = 1;
}
