// !$*UTF8*$!
{
	archiveVersion = 1;
	classes = {
	};
	objectVersion = 77;
	objects = {

/* Begin PBXBuildFile section */
		A0C0A0010000000000000103 /* Localizable.strings in Share Extension resources */ = {isa = PBXBuildFile; fileRef = A0C0A0010000000000000010 /* Localizable.strings */; };
		F4A1B23D3A9C410100A10001 /* Localizable.strings in Widget Extension resources */ = {isa = PBXBuildFile; fileRef = A0C0A0010000000000000010 /* Localizable.strings */; };
		F4A1B23E3A9C410100A10002 /* MemoMark/App/MemoMarkSharedContainer.swift in Widget Extension sources */ = {isa = PBXBuildFile; fileRef = F4A1B2503A9C410100A10001 /* MemoMark/App/MemoMarkSharedContainer.swift */; };
		F4A1B2403A9C410100A10002 /* MemoMark/Models/MemoMarkLanguage.swift in Widget Extension sources */ = {isa = PBXBuildFile; fileRef = F4A1B2513A9C410100A10001 /* MemoMark/Models/MemoMarkLanguage.swift */; };
		8B0A7C6D4E184A8AA7E10001 /* MemoMarkShareExtension.appex in Embed App Extensions */ = {isa = PBXBuildFile; fileRef = F4A1B2093A9C410100A10001 /* MemoMarkShareExtension.appex */; settings = {ATTRIBUTES = (RemoveHeadersOnCopy, ); }; };
		8B0A7C6D4E184A8AA7E10005 /* MemoMarkWidgetExtension.appex in Embed App Extensions */ = {isa = PBXBuildFile; fileRef = F4A1B2333A9C410100A10001 /* MemoMarkWidgetExtension.appex */; settings = {ATTRIBUTES = (RemoveHeadersOnCopy, ); }; };
		F4A1B2303A9C410100A10001 /* MemoMark/iOS/Activity/MemoMarkBackgroundLiveActivityPayload.swift in Sources */ = {isa = PBXBuildFile; fileRef = F4A1B2383A9C410100A10001 /* MemoMark/iOS/Activity/MemoMarkBackgroundLiveActivityPayload.swift */; };
		F4A1B2313A9C410100A10001 /* MemoMark/iOS/Activity/MemoMarkLiveActivityPresentation.swift in Sources */ = {isa = PBXBuildFile; fileRef = F4A1B2393A9C410100A10001 /* MemoMark/iOS/Activity/MemoMarkLiveActivityPresentation.swift */; };
		675060E6A272D2F2FBC7D5AB /* MediaProcessingIntent.swift in Share sources */ = {isa = PBXBuildFile; fileRef = 89C069C3539E1F2E4C49F2E9; };
		39FEBA20129EF24FD36BFC73 /* MediaOutputPolicy.swift in Share sources */ = {isa = PBXBuildFile; fileRef = 076B8972D2E72319BF2F5BF9; };
		C6E2C4D2C164041CA29C5117 /* MediaProcessingRoute.swift in Share sources */ = {isa = PBXBuildFile; fileRef = 7375EF90028FA5178C612F14; };
		0A843A43DC503811C61DEECF /* AnchorEngine.swift in Share sources */ = {isa = PBXBuildFile; fileRef = 1D701881AE8F7F5D37E9F886; };
		6D3ECD8138149A2B66AAA877 /* FilmMarkPresentationSpecification.swift in Share sources */ = {isa = PBXBuildFile; fileRef = 53B1459305420A6788761C88; };
		7F28BA9E39603A6788A33F6E /* LocationResolution.swift in Share sources */ = {isa = PBXBuildFile; fileRef = 8D1211E8A8D372DBAB65F340; };
		0D47B701BA1399C07BCC9888 /* LocationResolver.swift in Share sources */ = {isa = PBXBuildFile; fileRef = 21F037279DBA978D858CE087; };
		FE9BD9B31E9E69C14972FE84 /* LocationFormatter.swift in Share sources */ = {isa = PBXBuildFile; fileRef = 279AE99BEC837141924838A6; };
		A191479DE409BF1AE22D2FC1 /* LocationPresentationMode.swift in Share sources */ = {isa = PBXBuildFile; fileRef = 5BFD81CDD6958B9EBEB280F3; };
		384CFBF517AF380D0951C770 /* LocationAddress.swift in Share sources */ = {isa = PBXBuildFile; fileRef = 03D2E05D44D15F80A4B2B262; };
		E7ECE7B5126B1156A57E6047 /* LocationAvailability.swift in Share sources */ = {isa = PBXBuildFile; fileRef = C3E34C61A0EF6C643A7B2851; };
		C762C8C99327271EDEEFBBD7 /* LocationContext.swift in Share sources */ = {isa = PBXBuildFile; fileRef = 332AFB675477EE9C4A0E2A6F; };
		932B94B98F8013EABBD9826A /* LocationCoordinate.swift in Share sources */ = {isa = PBXBuildFile; fileRef = 875A5F7EC29EA749FEF63852; };
		B7DB9D93DBA90ABF45DA8244 /* LocationExpressionProvider.swift in Share sources */ = {isa = PBXBuildFile; fileRef = 210FBABC6B43F6E2A0EC0A40; };
		807814D33671419912F9190C /* LocationConfigurationAdapter.swift in Share sources */ = {isa = PBXBuildFile; fileRef = 45AC5BF7AEBF6EDA50857A84; };
		0637527FFE075FFA29768713 /* LocationContextBuilder.swift in Share sources */ = {isa = PBXBuildFile; fileRef = 006B61F6C75D1B5FAD9DEE8B; };
		0FE4779ABC1F0E0C9C4EEB20 /* FilmMarkLayoutSpecification.swift in Share sources */ = {isa = PBXBuildFile; fileRef = 6D8A376388DB1F5A0AB522C7; };
		956684D5335E2457D888D092 /* CardTextBlockEngine.swift in Share sources */ = {isa = PBXBuildFile; fileRef = A90E5C6D82D5AC3F3465D181; };
		C2DE56DFD3FB80EF49FBFE9C /* TemplateVariableEngine.swift in Share sources */ = {isa = PBXBuildFile; fileRef = F847A02FA37AE61E8087415D; };
		A97D3FAE467EEA46B497DB4B /* MetadataContextExpressionLookup.swift in Share sources */ = {isa = PBXBuildFile; fileRef = D5CFA605A403666D22DC73E0; };
		C891388CA53D452BAA51397B /* ExpressionContextMetadataAdapter.swift in Share sources */ = {isa = PBXBuildFile; fileRef = FB953930C238E075E084FFBE; };
		354B3C62091C672BF828EFF0 /* MetadataProvider.swift in Share sources */ = {isa = PBXBuildFile; fileRef = 644F067E0D94E9483FC53109; };
		378878A7B34BDD54D3538ED9 /* BadgeRenderer.swift in Share sources */ = {isa = PBXBuildFile; fileRef = 23D8D617B962B94CD6A7345A; };
		E6252FDF75F8C664CFB504B6 /* GlassCardRenderer.swift in Share sources */ = {isa = PBXBuildFile; fileRef = C3755AB1ED0123B36AE08218; };
		8B9166C8485778906C44E77A /* RecordCardRenderer.swift in Share sources */ = {isa = PBXBuildFile; fileRef = 95092B7D323C8AA2FD86D9D9; };
		57A5A042DF3F57E90E253749 /* FilmMarkRenderer.swift in Share sources */ = {isa = PBXBuildFile; fileRef = 38227885E235BDC3769DA058; };
		1FA0302D4DF9F864C3ED33B0 /* ClassicWhiteRenderer.swift in Share sources */ = {isa = PBXBuildFile; fileRef = 9641B5443DB96B3068D39801; };
		D29772BFEA1FBC6EBCC29098 /* RecordCardPresentationPlanner.swift in Share sources */ = {isa = PBXBuildFile; fileRef = 860A517DA0F5FE02DA11DCA8; };
		376C11DA097CAAD3A2C00E3B /* MinimalRenderer.swift in Share sources */ = {isa = PBXBuildFile; fileRef = 06E98992BA7C9B7B66D445B4; };
		74C8DDD88C025882D833D411 /* GlassCardCardRenderer.swift in Share sources */ = {isa = PBXBuildFile; fileRef = 0C286D3A5C418E52A28D780A; };
		66FE79597BCB136BC0070E1E /* RendererConstants.swift in Share sources */ = {isa = PBXBuildFile; fileRef = DB9935CF4D00F59A99572B7F; };
		01B6A1C840CD8BFCE22E3BC4 /* GlassCardNativeMaterialStudy.swift in Share sources */ = {isa = PBXBuildFile; fileRef = 94755A5FFA4D956E1FFD3D97; };
		8D1FB43FD298073983447B37 /* NativeBackdropMaterialRenderer.swift in Share sources */ = {isa = PBXBuildFile; fileRef = C2CA23533B1D97C068780931; };
		C712D3943845BDF37FDDEC16 /* MinimalCardLayoutSpecification.swift in Share sources */ = {isa = PBXBuildFile; fileRef = D496EA2470F26F98BFB5A2D5; };
		36E794CCFE34CA5E3F7BDF6E /* PresentationPixelGeometry.swift in Share sources */ = {isa = PBXBuildFile; fileRef = 15FE5598221971DD722A7299; };
		31143514BFB541AA0B0BA1CC /* GlassCardTextFitSpecification.swift in Share sources */ = {isa = PBXBuildFile; fileRef = EED5F625FC20E66E7EF81839; };
		B351738EF234AF7E3D9FA698 /* ClassicWhitePortraitLayoutSpecification.swift in Share sources */ = {isa = PBXBuildFile; fileRef = 3654E3935DD2CD89B8EF290C; };
		6BDDFEFB3911B4CEB0440F3B /* GlassCardLayoutSpecification.swift in Share sources */ = {isa = PBXBuildFile; fileRef = DB5AAE18401E06AB75AB047D; };
		CD806CD76EEC2E3088793C31 /* GlassCardResolvedPresentation.swift in Share sources */ = {isa = PBXBuildFile; fileRef = AAE8743A4319939865C9878B; };
		438713BFDCED80EB101A9A47 /* NativeBackdropVideoCompositor.swift in Share sources */ = {isa = PBXBuildFile; fileRef = 861AFE97DA02865DD70644AC; };
		BA01F2B5A97B40E618746A44 /* MetadataPolicyPlan.swift in Share sources */ = {isa = PBXBuildFile; fileRef = 9A881B31B7A1F4364EE31167; };
		81312F0593E5701D46301116 /* LivePhotoSaveRequest.swift in Share sources */ = {isa = PBXBuildFile; fileRef = 44F293A9CDF6927F6D78A9CE; };
		19BA98D677B3D929BF0F9848 /* LivePhotoRenderOutputGeometry.swift in Share sources */ = {isa = PBXBuildFile; fileRef = 78B28CB8098D7D5C68D20EBB; };
		6C7DB2F51908A9ED6E7F0F43 /* PhotoKitLivePhotoAssetWriter.swift in Share sources */ = {isa = PBXBuildFile; fileRef = 98F9BF1F503BDE9E6ED69F79; };
		AA63983FFCC2157B7B30032E /* LivePhotoAssetBundle.swift in Share sources */ = {isa = PBXBuildFile; fileRef = 6EEF307E00B9E141EF7C8EA7; };
		5A070074FF7F00EEADB2EBCB /* LivePhotoPairingIdentityVerifier.swift in Share sources */ = {isa = PBXBuildFile; fileRef = A4A0383E7771BE6C74D869AF; };
		934A35A6A683B020DB699C8F /* LivePhotoStillImageCompositionInput.swift in Share sources */ = {isa = PBXBuildFile; fileRef = EA9F58B364D0E8C179893185; };
		B76EA1CCFB90B0ED6F3B7F40 /* MediaProcessingPlanner.swift in Share sources */ = {isa = PBXBuildFile; fileRef = ACBDBB9BEF214921E20253D8; };
		927C7B39D5B6E8AB05D7AD53 /* LivePhotoStillImageCompositionService.swift in Share sources */ = {isa = PBXBuildFile; fileRef = EB12FF4B21623B3F004377D1; };
		83D424CD051FB950E1D8B07A /* LivePhotoAssetLoading.swift in Share sources */ = {isa = PBXBuildFile; fileRef = 85DC136BE2832A69EBE34307; };
		E5EC5C45ED0D5079528167C1 /* LivePhotoVideoCompositionInput.swift in Share sources */ = {isa = PBXBuildFile; fileRef = A2C7EFD62105C5422359A02A; };
		2408CE93245B03CD9280DEA6 /* LivePhotoAssetReadbackVerification.swift in Share sources */ = {isa = PBXBuildFile; fileRef = 138211007E6C77F578F0FD32; };
		D338F9D89867F01550F50EFD /* LivePhotoStillImageTimeMetadata.swift in Share sources */ = {isa = PBXBuildFile; fileRef = 06F3B0104D51D8B5D3962C76; };
		F40BBD4833B3A8308277EEB2 /* MediaProcessingRouter.swift in Share sources */ = {isa = PBXBuildFile; fileRef = E8CECDC7553871ACDC7295EC; };
		37027CF150C8666A3F07BC93 /* FixedFooterOverlayDescriptor.swift in Share sources */ = {isa = PBXBuildFile; fileRef = 011AE302CBC941BB167C572A; };
		41C7EDDFA7B24F693080E9EC /* LivePhotoVideoMetadataWriting.swift in Share sources */ = {isa = PBXBuildFile; fileRef = 1044CA97E13E54B0F8CFA668; };
		5D3BEF232FB85F6231408A77 /* LivePhotoVideoCompositionService.swift in Share sources */ = {isa = PBXBuildFile; fileRef = 5EAB86CF5C96604515977A55; };
		BDFADAD9A0D44585D6A2ECFF /* MediaPipelineRuntimeGate.swift in Share sources */ = {isa = PBXBuildFile; fileRef = 3D0A29F4102BBBA15D9ED0A0; };
		43A0FFDA75B0EBABA9ABCFD6 /* StillImageMetadataWriting.swift in Share sources */ = {isa = PBXBuildFile; fileRef = 6DDF2D03ADD3785CED45A0BA; };
		C331BAE3996E922739CCE75F /* LivePhotoAssetWriting.swift in Share sources */ = {isa = PBXBuildFile; fileRef = 2D08144FD7F605CCDC8A273D; };
		1F29258DE28EC4E7068A1D58 /* LivePhotoGeometryResolver.swift in Share sources */ = {isa = PBXBuildFile; fileRef = FB79B74DB305732CF3E66A99; };
		58668F436B18BA814CE1C581 /* MediaGeometryFacts.swift in Share sources */ = {isa = PBXBuildFile; fileRef = 3FE1D54C711A07648D8B145C; };
		CCD9DD20451D948D64B62F60 /* MediaGeometryOrientation.swift in Share sources */ = {isa = PBXBuildFile; fileRef = 0B5A29992A5F57D22685BCE7; };
		3EC59E639667930D448E7C86 /* CanvasGeometry.swift in Share sources */ = {isa = PBXBuildFile; fileRef = B02F417FF260FC44F6464EFD; };
		C2ED4CC85E510F967711835F /* CanonicalGeometry.swift in Share sources */ = {isa = PBXBuildFile; fileRef = 5BD0DB99AA3947E4635C258F; };
		694FC682B18B63947FCB5A14 /* GeometrySnapshotSerializer.swift in Share sources */ = {isa = PBXBuildFile; fileRef = 8B4540EBC9607B9449CB9524; };
		42299515F194916D3DCBAF9A /* GeometryLinter.swift in Share sources */ = {isa = PBXBuildFile; fileRef = 12A420AFB45BB44898FC7370; };
		460C614D568CA2198D1276E6 /* GeometryIssue.swift in Share sources */ = {isa = PBXBuildFile; fileRef = B564896F9454FB582363B7FB; };
		2E725419268051F102DE30E4 /* MediaGeometryResolver.swift in Share sources */ = {isa = PBXBuildFile; fileRef = CE42D2867A99454D57929840; };
		0DEBF20465B2AD27E6B9819B /* ReverseGeocoder.swift in Share sources */ = {isa = PBXBuildFile; fileRef = 807816BEF0CD046737C1FC87; };
		C2366B2C965F9473CE243157 /* PhotoRepository.swift in Share sources */ = {isa = PBXBuildFile; fileRef = DFAE0641B7E649F495EEB037; };
		DB599A7EE71507E27ED9C735 /* PhotoLibraryRepository.swift in Share sources */ = {isa = PBXBuildFile; fileRef = EFCA3B3A082B9FBE27D6B5C7; };
		5146B5A4F826A10DD0304B35 /* ExportCoordinator.swift in Share sources */ = {isa = PBXBuildFile; fileRef = 958FB1DBF51082A1D2CA16C8; };
		0C300548B483DF34A0828010 /* ImportBatchPhotoIntent.swift in Share sources */ = {isa = PBXBuildFile; fileRef = DAE44B7040F5C9CD23421D98; };
		591768FE27E3AE0D9D4479D3 /* MemoMarkIntent.swift in Share sources */ = {isa = PBXBuildFile; fileRef = E3CD1208BCE90560131A4154; };
		F6687C034863A80C9B714130 /* ProductionDiagnosticsRepository.swift in Share sources */ = {isa = PBXBuildFile; fileRef = DC68D5F272217506371874C9; };
		CB43F467B9FF7CE2590E78B9 /* ProductionDiagnosticsStore.swift in Share sources */ = {isa = PBXBuildFile; fileRef = 1D2E308C51039783B7B2DDD3; };
		835516D9C6CC9A1F46AB2B14 /* ProductionExportIntents.swift in Share sources */ = {isa = PBXBuildFile; fileRef = B880BF266376FC4FBA0D2E3B; };
		FA06B39CD8DE47544BA05D49 /* MemoMarkBackgroundLiveActivityPayload.swift in Share sources */ = {isa = PBXBuildFile; fileRef = DF8DC856451963C66DBDC648; };
/* End PBXBuildFile section */

/* Begin PBXContainerItemProxy section */
		8B0A7C6D4E184A8AA7E10002 /* PBXContainerItemProxy */ = {
			isa = PBXContainerItemProxy;
			containerPortal = B3DBA4EC2FE1581100945016 /* Project object */;
			proxyType = 1;
			remoteGlobalIDString = F4A1B20B3A9C410100A10001;
			remoteInfo = MemoMarkShareExtension;
		};
		8B0A7C6D4E184A8AA7E10006 /* PBXContainerItemProxy */ = {
			isa = PBXContainerItemProxy;
			containerPortal = B3DBA4EC2FE1581100945016 /* Project object */;
			proxyType = 1;
			remoteGlobalIDString = F4A1B23E3A9C410100A10001;
			remoteInfo = MemoMarkWidgetExtension;
		};
		F5B100013A9D000000A10001 /* PBXContainerItemProxy */ = {
			isa = PBXContainerItemProxy;
			containerPortal = B3DBA4EC2FE1581100945016 /* Project object */;
			proxyType = 1;
			remoteGlobalIDString = B3DBA4F32FE1581100945016;
			remoteInfo = MemoMark;
		};
		C0D000070000000000000001 /* PBXContainerItemProxy */ = {
			isa = PBXContainerItemProxy;
			containerPortal = B3DBA4EC2FE1581100945016 /* Project object */;
			proxyType = 1;
			remoteGlobalIDString = DF8E1E1435DC445F99C53213;
			remoteInfo = MemoMarkiOS;
		};
/* End PBXContainerItemProxy section */

/* Begin PBXCopyFilesBuildPhase section */
		8B0A7C6D4E184A8AA7E10003 /* Embed App Extensions */ = {
			isa = PBXCopyFilesBuildPhase;
			dstPath = "";
			dstSubfolder = PlugIns;
			files = (
				8B0A7C6D4E184A8AA7E10001 /* MemoMarkShareExtension.appex in Embed App Extensions */,
				8B0A7C6D4E184A8AA7E10005 /* MemoMarkWidgetExtension.appex in Embed App Extensions */,
			);
			name = "Embed App Extensions";
		};
/* End PBXCopyFilesBuildPhase section */

/* Begin PBXFileReference section */
		A0C0A0010000000000000001 /* en Localizable.strings */ = {isa = PBXFileReference; lastKnownFileType = text.plist.strings; path = MemoMark/en.lproj/Localizable.strings; sourceTree = SOURCE_ROOT; };
		A0C0A0010000000000000002 /* zh-Hans Localizable.strings */ = {isa = PBXFileReference; lastKnownFileType = text.plist.strings; path = MemoMark/zh-Hans.lproj/Localizable.strings; sourceTree = SOURCE_ROOT; };
		A0C0A0010000000000000003 /* ja Localizable.strings */ = {isa = PBXFileReference; lastKnownFileType = text.plist.strings; path = MemoMark/ja.lproj/Localizable.strings; sourceTree = SOURCE_ROOT; };
		A0C0A0010000000000000004 /* ko Localizable.strings */ = {isa = PBXFileReference; lastKnownFileType = text.plist.strings; path = MemoMark/ko.lproj/Localizable.strings; sourceTree = SOURCE_ROOT; };
		B3DBA4F42FE1581100945016 /* MemoMark.app */ = {isa = PBXFileReference; explicitFileType = wrapper.application; includeInIndex = 0; path = MemoMark.app; sourceTree = BUILT_PRODUCTS_DIR; };
		1155B1BF5AC74477ACAA1F66 /* MemoMarkiOS.app */ = {isa = PBXFileReference; explicitFileType = wrapper.application; includeInIndex = 0; path = MemoMarkiOS.app; sourceTree = BUILT_PRODUCTS_DIR; };
		F4A1B2093A9C410100A10001 /* MemoMarkShareExtension.appex */ = {isa = PBXFileReference; explicitFileType = "wrapper.app-extension"; includeInIndex = 0; path = MemoMarkShareExtension.appex; sourceTree = BUILT_PRODUCTS_DIR; };
		F4A1B2333A9C410100A10001 /* MemoMarkWidgetExtension.appex */ = {isa = PBXFileReference; explicitFileType = "wrapper.app-extension"; includeInIndex = 0; path = MemoMarkWidgetExtension.appex; sourceTree = BUILT_PRODUCTS_DIR; };
		F4A1B2503A9C410100A10001 /* MemoMark/App/MemoMarkSharedContainer.swift */ = {isa = PBXFileReference; lastKnownFileType = sourcecode.swift; path = MemoMark/App/MemoMarkSharedContainer.swift; sourceTree = SOURCE_ROOT; };
		F4A1B2513A9C410100A10001 /* MemoMark/Models/MemoMarkLanguage.swift */ = {isa = PBXFileReference; lastKnownFileType = sourcecode.swift; path = MemoMark/Models/MemoMarkLanguage.swift; sourceTree = SOURCE_ROOT; };
		F4A1B2383A9C410100A10001 /* MemoMark/iOS/Activity/MemoMarkBackgroundLiveActivityPayload.swift */ = {isa = PBXFileReference; lastKnownFileType = sourcecode.swift; path = MemoMark/iOS/Activity/MemoMarkBackgroundLiveActivityPayload.swift; sourceTree = SOURCE_ROOT; };
		F4A1B2393A9C410100A10001 /* MemoMark/iOS/Activity/MemoMarkLiveActivityPresentation.swift */ = {isa = PBXFileReference; lastKnownFileType = sourcecode.swift; path = MemoMark/iOS/Activity/MemoMarkLiveActivityPresentation.swift; sourceTree = SOURCE_ROOT; };
		F5B100023A9D000000A10001 /* MemoMarkTests.xctest */ = {isa = PBXFileReference; explicitFileType = wrapper.cfbundle; includeInIndex = 0; path = MemoMarkTests.xctest; sourceTree = BUILT_PRODUCTS_DIR; };
		C0D000010000000000000001 /* MemoMarkDeviceQA.xctest */ = {isa = PBXFileReference; explicitFileType = wrapper.cfbundle; includeInIndex = 0; path = MemoMarkDeviceQA.xctest; sourceTree = BUILT_PRODUCTS_DIR; };
		89C069C3539E1F2E4C49F2E9 /* MediaProcessingIntent.swift shared core */ = {isa = PBXFileReference; lastKnownFileType = sourcecode.swift; path = MemoMark/MediaPipelineVNext/MediaProcessingIntent.swift; sourceTree = SOURCE_ROOT; };
		076B8972D2E72319BF2F5BF9 /* MediaOutputPolicy.swift shared core */ = {isa = PBXFileReference; lastKnownFileType = sourcecode.swift; path = MemoMark/MediaPipelineVNext/MediaOutputPolicy.swift; sourceTree = SOURCE_ROOT; };
		7375EF90028FA5178C612F14 /* MediaProcessingRoute.swift shared core */ = {isa = PBXFileReference; lastKnownFileType = sourcecode.swift; path = MemoMark/MediaPipelineVNext/MediaProcessingRoute.swift; sourceTree = SOURCE_ROOT; };
		1D701881AE8F7F5D37E9F886 /* AnchorEngine.swift shared core */ = {isa = PBXFileReference; lastKnownFileType = sourcecode.swift; path = MemoMark/Engines/AnchorEngine.swift; sourceTree = SOURCE_ROOT; };
		53B1459305420A6788761C88 /* FilmMarkPresentationSpecification.swift shared core */ = {isa = PBXFileReference; lastKnownFileType = sourcecode.swift; path = MemoMark/LayoutEngine/FilmMarkPresentationSpecification.swift; sourceTree = SOURCE_ROOT; };
		8D1211E8A8D372DBAB65F340 /* LocationResolution.swift shared core */ = {isa = PBXFileReference; lastKnownFileType = sourcecode.swift; path = MemoMark/LocationExpression/Presentation/LocationResolution.swift; sourceTree = SOURCE_ROOT; };
		21F037279DBA978D858CE087 /* LocationResolver.swift shared core */ = {isa = PBXFileReference; lastKnownFileType = sourcecode.swift; path = MemoMark/LocationExpression/Presentation/LocationResolver.swift; sourceTree = SOURCE_ROOT; };
		279AE99BEC837141924838A6 /* LocationFormatter.swift shared core */ = {isa = PBXFileReference; lastKnownFileType = sourcecode.swift; path = MemoMark/LocationExpression/Presentation/LocationFormatter.swift; sourceTree = SOURCE_ROOT; };
		5BFD81CDD6958B9EBEB280F3 /* LocationPresentationMode.swift shared core */ = {isa = PBXFileReference; lastKnownFileType = sourcecode.swift; path = MemoMark/LocationExpression/Presentation/LocationPresentationMode.swift; sourceTree = SOURCE_ROOT; };
		03D2E05D44D15F80A4B2B262 /* LocationAddress.swift shared core */ = {isa = PBXFileReference; lastKnownFileType = sourcecode.swift; path = MemoMark/LocationExpression/Models/LocationAddress.swift; sourceTree = SOURCE_ROOT; };
		C3E34C61A0EF6C643A7B2851 /* LocationAvailability.swift shared core */ = {isa = PBXFileReference; lastKnownFileType = sourcecode.swift; path = MemoMark/LocationExpression/Models/LocationAvailability.swift; sourceTree = SOURCE_ROOT; };
		332AFB675477EE9C4A0E2A6F /* LocationContext.swift shared core */ = {isa = PBXFileReference; lastKnownFileType = sourcecode.swift; path = MemoMark/LocationExpression/Models/LocationContext.swift; sourceTree = SOURCE_ROOT; };
		875A5F7EC29EA749FEF63852 /* LocationCoordinate.swift shared core */ = {isa = PBXFileReference; lastKnownFileType = sourcecode.swift; path = MemoMark/LocationExpression/Models/LocationCoordinate.swift; sourceTree = SOURCE_ROOT; };
		210FBABC6B43F6E2A0EC0A40 /* LocationExpressionProvider.swift shared core */ = {isa = PBXFileReference; lastKnownFileType = sourcecode.swift; path = MemoMark/LocationExpression/Providers/LocationExpressionProvider.swift; sourceTree = SOURCE_ROOT; };
		45AC5BF7AEBF6EDA50857A84 /* LocationConfigurationAdapter.swift shared core */ = {isa = PBXFileReference; lastKnownFileType = sourcecode.swift; path = MemoMark/LocationExpression/Providers/LocationConfigurationAdapter.swift; sourceTree = SOURCE_ROOT; };
		006B61F6C75D1B5FAD9DEE8B /* LocationContextBuilder.swift shared core */ = {isa = PBXFileReference; lastKnownFileType = sourcecode.swift; path = MemoMark/LocationExpression/Builders/LocationContextBuilder.swift; sourceTree = SOURCE_ROOT; };
		6D8A376388DB1F5A0AB522C7 /* FilmMarkLayoutSpecification.swift shared core */ = {isa = PBXFileReference; lastKnownFileType = sourcecode.swift; path = MemoMark/LayoutEngine/FilmMarkLayoutSpecification.swift; sourceTree = SOURCE_ROOT; };
		A90E5C6D82D5AC3F3465D181 /* CardTextBlockEngine.swift shared core */ = {isa = PBXFileReference; lastKnownFileType = sourcecode.swift; path = MemoMark/Engines/CardTextBlockEngine.swift; sourceTree = SOURCE_ROOT; };
		F847A02FA37AE61E8087415D /* TemplateVariableEngine.swift shared core */ = {isa = PBXFileReference; lastKnownFileType = sourcecode.swift; path = MemoMark/Engines/TemplateVariableEngine.swift; sourceTree = SOURCE_ROOT; };
		D5CFA605A403666D22DC73E0 /* MetadataContextExpressionLookup.swift shared core */ = {isa = PBXFileReference; lastKnownFileType = sourcecode.swift; path = MemoMark/Engines/MetadataContextExpressionLookup.swift; sourceTree = SOURCE_ROOT; };
		FB953930C238E075E084FFBE /* ExpressionContextMetadataAdapter.swift shared core */ = {isa = PBXFileReference; lastKnownFileType = sourcecode.swift; path = MemoMark/Engines/ExpressionContextMetadataAdapter.swift; sourceTree = SOURCE_ROOT; };
		644F067E0D94E9483FC53109 /* MetadataProvider.swift shared core */ = {isa = PBXFileReference; lastKnownFileType = sourcecode.swift; path = MemoMark/MetadataExpression/MetadataProvider.swift; sourceTree = SOURCE_ROOT; };
		23D8D617B962B94CD6A7345A /* BadgeRenderer.swift shared core */ = {isa = PBXFileReference; lastKnownFileType = sourcecode.swift; path = MemoMark/Renderers/BadgeRenderer.swift; sourceTree = SOURCE_ROOT; };
		C3755AB1ED0123B36AE08218 /* GlassCardRenderer.swift shared core */ = {isa = PBXFileReference; lastKnownFileType = sourcecode.swift; path = MemoMark/Renderers/GlassCardRenderer.swift; sourceTree = SOURCE_ROOT; };
		95092B7D323C8AA2FD86D9D9 /* RecordCardRenderer.swift shared core */ = {isa = PBXFileReference; lastKnownFileType = sourcecode.swift; path = MemoMark/Renderers/RecordCardRenderer.swift; sourceTree = SOURCE_ROOT; };
		38227885E235BDC3769DA058 /* FilmMarkRenderer.swift shared core */ = {isa = PBXFileReference; lastKnownFileType = sourcecode.swift; path = MemoMark/Renderers/FilmMarkRenderer.swift; sourceTree = SOURCE_ROOT; };
		9641B5443DB96B3068D39801 /* ClassicWhiteRenderer.swift shared core */ = {isa = PBXFileReference; lastKnownFileType = sourcecode.swift; path = MemoMark/Renderers/ClassicWhiteRenderer.swift; sourceTree = SOURCE_ROOT; };
		860A517DA0F5FE02DA11DCA8 /* RecordCardPresentationPlanner.swift shared core */ = {isa = PBXFileReference; lastKnownFileType = sourcecode.swift; path = MemoMark/Renderers/RecordCardPresentationPlanner.swift; sourceTree = SOURCE_ROOT; };
		06E98992BA7C9B7B66D445B4 /* MinimalRenderer.swift shared core */ = {isa = PBXFileReference; lastKnownFileType = sourcecode.swift; path = MemoMark/Renderers/MinimalRenderer.swift; sourceTree = SOURCE_ROOT; };
		0C286D3A5C418E52A28D780A /* GlassCardCardRenderer.swift shared core */ = {isa = PBXFileReference; lastKnownFileType = sourcecode.swift; path = MemoMark/Renderers/GlassCardCardRenderer.swift; sourceTree = SOURCE_ROOT; };
		DB9935CF4D00F59A99572B7F /* RendererConstants.swift shared core */ = {isa = PBXFileReference; lastKnownFileType = sourcecode.swift; path = MemoMark/Renderers/RendererConstants.swift; sourceTree = SOURCE_ROOT; };
		94755A5FFA4D956E1FFD3D97 /* GlassCardNativeMaterialStudy.swift shared core */ = {isa = PBXFileReference; lastKnownFileType = sourcecode.swift; path = MemoMark/Renderers/GlassCardNativeMaterialStudy.swift; sourceTree = SOURCE_ROOT; };
		C2CA23533B1D97C068780931 /* NativeBackdropMaterialRenderer.swift shared core */ = {isa = PBXFileReference; lastKnownFileType = sourcecode.swift; path = MemoMark/Renderers/NativeBackdropMaterialRenderer.swift; sourceTree = SOURCE_ROOT; };
		D496EA2470F26F98BFB5A2D5 /* MinimalCardLayoutSpecification.swift shared core */ = {isa = PBXFileReference; lastKnownFileType = sourcecode.swift; path = MemoMark/LayoutEngine/MinimalCardLayoutSpecification.swift; sourceTree = SOURCE_ROOT; };
		15FE5598221971DD722A7299 /* PresentationPixelGeometry.swift shared core */ = {isa = PBXFileReference; lastKnownFileType = sourcecode.swift; path = MemoMark/LayoutEngine/PresentationPixelGeometry.swift; sourceTree = SOURCE_ROOT; };
		EED5F625FC20E66E7EF81839 /* GlassCardTextFitSpecification.swift shared core */ = {isa = PBXFileReference; lastKnownFileType = sourcecode.swift; path = MemoMark/LayoutEngine/GlassCardTextFitSpecification.swift; sourceTree = SOURCE_ROOT; };
		3654E3935DD2CD89B8EF290C /* ClassicWhitePortraitLayoutSpecification.swift shared core */ = {isa = PBXFileReference; lastKnownFileType = sourcecode.swift; path = MemoMark/LayoutEngine/ClassicWhitePortraitLayoutSpecification.swift; sourceTree = SOURCE_ROOT; };
		DB5AAE18401E06AB75AB047D /* GlassCardLayoutSpecification.swift shared core */ = {isa = PBXFileReference; lastKnownFileType = sourcecode.swift; path = MemoMark/LayoutEngine/GlassCardLayoutSpecification.swift; sourceTree = SOURCE_ROOT; };
		AAE8743A4319939865C9878B /* GlassCardResolvedPresentation.swift shared core */ = {isa = PBXFileReference; lastKnownFileType = sourcecode.swift; path = MemoMark/LayoutEngine/GlassCardResolvedPresentation.swift; sourceTree = SOURCE_ROOT; };
		861AFE97DA02865DD70644AC /* NativeBackdropVideoCompositor.swift shared core */ = {isa = PBXFileReference; lastKnownFileType = sourcecode.swift; path = MemoMark/MediaPipelineVNext/NativeBackdropVideoCompositor.swift; sourceTree = SOURCE_ROOT; };
		9A881B31B7A1F4364EE31167 /* MetadataPolicyPlan.swift shared core */ = {isa = PBXFileReference; lastKnownFileType = sourcecode.swift; path = MemoMark/MediaPipelineVNext/MetadataPolicyPlan.swift; sourceTree = SOURCE_ROOT; };
		44F293A9CDF6927F6D78A9CE /* LivePhotoSaveRequest.swift shared core */ = {isa = PBXFileReference; lastKnownFileType = sourcecode.swift; path = MemoMark/MediaPipelineVNext/LivePhotoSaveRequest.swift; sourceTree = SOURCE_ROOT; };
		78B28CB8098D7D5C68D20EBB /* LivePhotoRenderOutputGeometry.swift shared core */ = {isa = PBXFileReference; lastKnownFileType = sourcecode.swift; path = MemoMark/MediaPipelineVNext/LivePhotoRenderOutputGeometry.swift; sourceTree = SOURCE_ROOT; };
		98F9BF1F503BDE9E6ED69F79 /* PhotoKitLivePhotoAssetWriter.swift shared core */ = {isa = PBXFileReference; lastKnownFileType = sourcecode.swift; path = MemoMark/MediaPipelineVNext/PhotoKitLivePhotoAssetWriter.swift; sourceTree = SOURCE_ROOT; };
		6EEF307E00B9E141EF7C8EA7 /* LivePhotoAssetBundle.swift shared core */ = {isa = PBXFileReference; lastKnownFileType = sourcecode.swift; path = MemoMark/MediaPipelineVNext/LivePhotoAssetBundle.swift; sourceTree = SOURCE_ROOT; };
		A4A0383E7771BE6C74D869AF /* LivePhotoPairingIdentityVerifier.swift shared core */ = {isa = PBXFileReference; lastKnownFileType = sourcecode.swift; path = MemoMark/MediaPipelineVNext/LivePhotoPairingIdentityVerifier.swift; sourceTree = SOURCE_ROOT; };
		EA9F58B364D0E8C179893185 /* LivePhotoStillImageCompositionInput.swift shared core */ = {isa = PBXFileReference; lastKnownFileType = sourcecode.swift; path = MemoMark/MediaPipelineVNext/LivePhotoStillImageCompositionInput.swift; sourceTree = SOURCE_ROOT; };
		ACBDBB9BEF214921E20253D8 /* MediaProcessingPlanner.swift shared core */ = {isa = PBXFileReference; lastKnownFileType = sourcecode.swift; path = MemoMark/MediaPipelineVNext/MediaProcessingPlanner.swift; sourceTree = SOURCE_ROOT; };
		EB12FF4B21623B3F004377D1 /* LivePhotoStillImageCompositionService.swift shared core */ = {isa = PBXFileReference; lastKnownFileType = sourcecode.swift; path = MemoMark/MediaPipelineVNext/LivePhotoStillImageCompositionService.swift; sourceTree = SOURCE_ROOT; };
		85DC136BE2832A69EBE34307 /* LivePhotoAssetLoading.swift shared core */ = {isa = PBXFileReference; lastKnownFileType = sourcecode.swift; path = MemoMark/MediaPipelineVNext/LivePhotoAssetLoading.swift; sourceTree = SOURCE_ROOT; };
		A2C7EFD62105C5422359A02A /* LivePhotoVideoCompositionInput.swift shared core */ = {isa = PBXFileReference; lastKnownFileType = sourcecode.swift; path = MemoMark/MediaPipelineVNext/LivePhotoVideoCompositionInput.swift; sourceTree = SOURCE_ROOT; };
		138211007E6C77F578F0FD32 /* LivePhotoAssetReadbackVerification.swift shared core */ = {isa = PBXFileReference; lastKnownFileType = sourcecode.swift; path = MemoMark/MediaPipelineVNext/LivePhotoAssetReadbackVerification.swift; sourceTree = SOURCE_ROOT; };
		06F3B0104D51D8B5D3962C76 /* LivePhotoStillImageTimeMetadata.swift shared core */ = {isa = PBXFileReference; lastKnownFileType = sourcecode.swift; path = MemoMark/MediaPipelineVNext/LivePhotoStillImageTimeMetadata.swift; sourceTree = SOURCE_ROOT; };
		E8CECDC7553871ACDC7295EC /* MediaProcessingRouter.swift shared core */ = {isa = PBXFileReference; lastKnownFileType = sourcecode.swift; path = MemoMark/MediaPipelineVNext/MediaProcessingRouter.swift; sourceTree = SOURCE_ROOT; };
		011AE302CBC941BB167C572A /* FixedFooterOverlayDescriptor.swift shared core */ = {isa = PBXFileReference; lastKnownFileType = sourcecode.swift; path = MemoMark/MediaPipelineVNext/FixedFooterOverlayDescriptor.swift; sourceTree = SOURCE_ROOT; };
		1044CA97E13E54B0F8CFA668 /* LivePhotoVideoMetadataWriting.swift shared core */ = {isa = PBXFileReference; lastKnownFileType = sourcecode.swift; path = MemoMark/MediaPipelineVNext/LivePhotoVideoMetadataWriting.swift; sourceTree = SOURCE_ROOT; };
		5EAB86CF5C96604515977A55 /* LivePhotoVideoCompositionService.swift shared core */ = {isa = PBXFileReference; lastKnownFileType = sourcecode.swift; path = MemoMark/MediaPipelineVNext/LivePhotoVideoCompositionService.swift; sourceTree = SOURCE_ROOT; };
		3D0A29F4102BBBA15D9ED0A0 /* MediaPipelineRuntimeGate.swift shared core */ = {isa = PBXFileReference; lastKnownFileType = sourcecode.swift; path = MemoMark/MediaPipelineVNext/MediaPipelineRuntimeGate.swift; sourceTree = SOURCE_ROOT; };
		6DDF2D03ADD3785CED45A0BA /* StillImageMetadataWriting.swift shared core */ = {isa = PBXFileReference; lastKnownFileType = sourcecode.swift; path = MemoMark/MediaPipelineVNext/StillImageMetadataWriting.swift; sourceTree = SOURCE_ROOT; };
		2D08144FD7F605CCDC8A273D /* LivePhotoAssetWriting.swift shared core */ = {isa = PBXFileReference; lastKnownFileType = sourcecode.swift; path = MemoMark/MediaPipelineVNext/LivePhotoAssetWriting.swift; sourceTree = SOURCE_ROOT; };
		FB79B74DB305732CF3E66A99 /* LivePhotoGeometryResolver.swift shared core */ = {isa = PBXFileReference; lastKnownFileType = sourcecode.swift; path = MemoMark/MediaPipelineVNext/LivePhotoGeometryResolver.swift; sourceTree = SOURCE_ROOT; };
		3FE1D54C711A07648D8B145C /* MediaGeometryFacts.swift shared core */ = {isa = PBXFileReference; lastKnownFileType = sourcecode.swift; path = MemoMark/MediaGeometry/MediaGeometryFacts.swift; sourceTree = SOURCE_ROOT; };
		0B5A29992A5F57D22685BCE7 /* MediaGeometryOrientation.swift shared core */ = {isa = PBXFileReference; lastKnownFileType = sourcecode.swift; path = MemoMark/MediaGeometry/MediaGeometryOrientation.swift; sourceTree = SOURCE_ROOT; };
		B02F417FF260FC44F6464EFD /* CanvasGeometry.swift shared core */ = {isa = PBXFileReference; lastKnownFileType = sourcecode.swift; path = MemoMark/MediaGeometry/CanvasGeometry.swift; sourceTree = SOURCE_ROOT; };
		5BD0DB99AA3947E4635C258F /* CanonicalGeometry.swift shared core */ = {isa = PBXFileReference; lastKnownFileType = sourcecode.swift; path = MemoMark/MediaGeometry/CanonicalGeometry.swift; sourceTree = SOURCE_ROOT; };
		8B4540EBC9607B9449CB9524 /* GeometrySnapshotSerializer.swift shared core */ = {isa = PBXFileReference; lastKnownFileType = sourcecode.swift; path = MemoMark/MediaGeometry/Snapshot/GeometrySnapshotSerializer.swift; sourceTree = SOURCE_ROOT; };
		12A420AFB45BB44898FC7370 /* GeometryLinter.swift shared core */ = {isa = PBXFileReference; lastKnownFileType = sourcecode.swift; path = MemoMark/MediaGeometry/Linter/GeometryLinter.swift; sourceTree = SOURCE_ROOT; };
		B564896F9454FB582363B7FB /* GeometryIssue.swift shared core */ = {isa = PBXFileReference; lastKnownFileType = sourcecode.swift; path = MemoMark/MediaGeometry/Linter/GeometryIssue.swift; sourceTree = SOURCE_ROOT; };
		CE42D2867A99454D57929840 /* MediaGeometryResolver.swift shared core */ = {isa = PBXFileReference; lastKnownFileType = sourcecode.swift; path = MemoMark/MediaGeometry/Resolver/MediaGeometryResolver.swift; sourceTree = SOURCE_ROOT; };
		807816BEF0CD046737C1FC87 /* ReverseGeocoder.swift shared core */ = {isa = PBXFileReference; lastKnownFileType = sourcecode.swift; path = MemoMark/LocationExpression/ReverseGeocoder.swift; sourceTree = SOURCE_ROOT; };
		DFAE0641B7E649F495EEB037 /* PhotoRepository.swift shared core */ = {isa = PBXFileReference; lastKnownFileType = sourcecode.swift; path = MemoMark/Repositories/PhotoRepository.swift; sourceTree = SOURCE_ROOT; };
		EFCA3B3A082B9FBE27D6B5C7 /* PhotoLibraryRepository.swift shared core */ = {isa = PBXFileReference; lastKnownFileType = sourcecode.swift; path = MemoMark/Repositories/PhotoLibraryRepository.swift; sourceTree = SOURCE_ROOT; };
		958FB1DBF51082A1D2CA16C8 /* ExportCoordinator.swift shared core */ = {isa = PBXFileReference; lastKnownFileType = sourcecode.swift; path = MemoMark/Coordinators/ExportCoordinator.swift; sourceTree = SOURCE_ROOT; };
		DAE44B7040F5C9CD23421D98 /* ImportBatchPhotoIntent.swift shared core */ = {isa = PBXFileReference; lastKnownFileType = sourcecode.swift; path = MemoMark/Intent/ImportBatchPhotoIntent.swift; sourceTree = SOURCE_ROOT; };
		E3CD1208BCE90560131A4154 /* MemoMarkIntent.swift shared core */ = {isa = PBXFileReference; lastKnownFileType = sourcecode.swift; path = MemoMark/Intent/MemoMarkIntent.swift; sourceTree = SOURCE_ROOT; };
		DC68D5F272217506371874C9 /* ProductionDiagnosticsRepository.swift shared core */ = {isa = PBXFileReference; lastKnownFileType = sourcecode.swift; path = MemoMark/Repositories/ProductionDiagnosticsRepository.swift; sourceTree = SOURCE_ROOT; };
		1D2E308C51039783B7B2DDD3 /* ProductionDiagnosticsStore.swift shared core */ = {isa = PBXFileReference; lastKnownFileType = sourcecode.swift; path = MemoMark/Repositories/ProductionDiagnosticsStore.swift; sourceTree = SOURCE_ROOT; };
		B880BF266376FC4FBA0D2E3B /* ProductionExportIntents.swift shared core */ = {isa = PBXFileReference; lastKnownFileType = sourcecode.swift; path = MemoMark/Intent/ProductionExportIntents.swift; sourceTree = SOURCE_ROOT; };
		DF8DC856451963C66DBDC648 /* MemoMarkBackgroundLiveActivityPayload.swift shared core */ = {isa = PBXFileReference; lastKnownFileType = sourcecode.swift; path = MemoMark/iOS/Activity/MemoMarkBackgroundLiveActivityPayload.swift; sourceTree = SOURCE_ROOT; };
/* End PBXFileReference section */

/* Begin PBXVariantGroup section */
		A0C0A0010000000000000010 /* Localizable.strings */ = {
			isa = PBXVariantGroup;
			children = (
				A0C0A0010000000000000001 /* en Localizable.strings */,
				A0C0A0010000000000000002 /* zh-Hans Localizable.strings */,
				A0C0A0010000000000000003 /* ja Localizable.strings */,
				A0C0A0010000000000000004 /* ko Localizable.strings */,
			);
			name = Localizable.strings;
			sourceTree = "<group>";
		};
/* End PBXVariantGroup section */

/* Begin PBXFileSystemSynchronizedBuildFileExceptionSet section */
		A1B2C3013A9C410100A10001 /* Exceptions for "MemoMark/App" folder in "MemoMarkShareExtension" target */ = {
			isa = PBXFileSystemSynchronizedBuildFileExceptionSet;
			membershipExceptions = (
				ExternalPhotoIntakeCenter.swift,
				MemoMarkApp.swift,
				MemoMarkAppDelegate.swift,
				MemoMarkAppRuntime.swift,
				MemoMarkBackgroundStatusService.swift,
				MemoMarkRootSceneView.swift,
			);
			target = F4A1B20B3A9C410100A10001 /* MemoMarkShareExtension */;
		};
		A1B2C3023A9C410100A10001 /* Exceptions for "MemoMark/Models" folder in "MemoMarkShareExtension" target */ = {
			isa = PBXFileSystemSynchronizedBuildFileExceptionSet;
			membershipExceptions = (
			);
			target = F4A1B20B3A9C410100A10001 /* MemoMarkShareExtension */;
		};
		A1B2C3033A9C410100A10001 /* Exceptions for "MemoMark/iOS/ShareExtension" folder in "MemoMarkShareExtension" target */ = {
			isa = PBXFileSystemSynchronizedBuildFileExceptionSet;
			membershipExceptions = (
				MemoMarkShareExtension-Info.plist,
			);
			target = F4A1B20B3A9C410100A10001 /* MemoMarkShareExtension */;
		};
		77CE0C61042F41738A77F85D /* Exceptions for "MemoMark" folder in "MemoMarkiOS" target */ = {
			isa = PBXFileSystemSynchronizedBuildFileExceptionSet;
			membershipExceptions = (
				iOS/ShareExtension/MemoMarkShareExtension-Info.plist,
				iOS/ShareExtension/PrivacyInfo.xcprivacy,
				iOS/Views/README.md,
			);
			target = DF8E1E1435DC445F99C53213 /* MemoMarkiOS */;
		};
		F4A1B2443A9C410100A10001 /* Exceptions for "MemoMark" folder in "MemoMark" target */ = {
			isa = PBXFileSystemSynchronizedBuildFileExceptionSet;
			membershipExceptions = (
				iOS/App/LaunchScreen.storyboard,
				iOS/ShareExtension/MemoMarkShareExtension-Info.plist,
				iOS/ShareExtension/PrivacyInfo.xcprivacy,
				iOS/Views/README.md,
			);
			target = B3DBA4F32FE1581100945016 /* MemoMark */;
		};
		89F16A134D972968E13A0B40 /* MemoryEngine Share core exceptions */ = {
			isa = PBXFileSystemSynchronizedBuildFileExceptionSet;
			membershipExceptions = (
				"MemoryExpressionPreviewResolver.swift",
			);
			target = F4A1B20B3A9C410100A10001;
		};
		3E3C0DD9DD32A683A3279F6C /* ConfigurationCenter Share core exceptions */ = {
			isa = PBXFileSystemSynchronizedBuildFileExceptionSet;
			membershipExceptions = (
				"Components/DecorationLibraryGrid.swift",
				"Components/InspectorSectionView.swift",
				"ConfigurationCenterMemoryTemplateCatalog.swift",
				"ConfigurationCenterMockSeed.swift",
				"ConfigurationCenterPreviewDefaults.swift",
				"ConfigurationCenterState.swift",
				"ConfigurationCenterView.swift",
				"ConfigurationEditingState.swift",
				"ConfigurationPersistenceReconciler.swift",
				"ConfigurationSession.swift",
				"ConfigurationSessionPresentationState.swift",
				"Editors/BadgeLibraryView.swift",
				"Editors/CompactAnchorDatePicker.swift",
				"Editors/ExpressionEditor.swift",
				"Editors/IconLibraryView.swift",
				"Editors/MemorySubjectEditingDraft.swift",
				"Editors/MemorySubjectEditorBindings.swift",
				"Editors/MemorySubjectEditorView.swift",
				"Editors/SubjectAvatarCropSheet.swift",
				"Editors/SubjectAvatarEditingDraft.swift",
				"Editors/SubjectAvatarEditingSurfaces.swift",
				"Editors/SubjectAvatarOptimizationState.swift",
				"Editors/SubjectAvatarPreview.swift",
				"Editors/SubjectTimeAnchorPresentationSurfaces.swift",
				"Editors/SubjectTimeAnchorRow.swift",
				"Editors/TimeAnchorEditingTransaction.swift",
				"Editors/TokenPicker.swift",
				"Inspector/InspectorProvider.swift",
				"Inspector/InspectorView.swift",
				"Inspector/MemoryBlockInspectorConfigurationPickerSection.swift",
				"Inspector/MemoryBlockInspectorCustomFieldsSection.swift",
				"Inspector/MemoryBlockInspectorSupportViews.swift",
				"Inspector/MemoryBlockInspectorSystemModulesSection.swift",
				"Inspector/MemoryBlockInspectorView.swift",
				"MacConfigurationCenterHeader.swift",
				"MacConfigurationCenterPage.swift",
				"MacConfigurationEditingContext.swift",
				"MemoryCard/InteractiveMemoryCard.swift",
				"MemoryCard/InteractiveMemoryCardCompactPreview.swift",
				"MemoryCard/InteractiveMemoryCardConfigurationComponentDock.swift",
				"MemoryCard/InteractiveMemoryCardConfigurationContext.swift",
				"MemoryCard/InteractiveMemoryCardRegionStrip.swift",
				"Sidebar/MemorySubjectListView.swift",
			);
			target = F4A1B20B3A9C410100A10001;
		};
		8E824B2F126DB010EC2AA080 /* Services Share core exceptions */ = {
			isa = PBXFileSystemSynchronizedBuildFileExceptionSet;
			membershipExceptions = (
				"BadgeStorageService.swift",
				"BatchNotificationService.swift",
				"BatchQueueBootstrapReceiptReconciler.swift",
				"BatchQueueBootstrapRecoveryNormalizer.swift",
				"BatchQueueHistory.swift",
				"BatchQueueNotifications.swift",
				"BatchQueueRecoveryDiagnosticsReporter.swift",
				"BatchQueueStore.swift",
				"ConfigurationAssetPackager.swift",
				"ConfigurationLibraryPersistence.swift",
				"ConfigurationLibraryStore.swift",
				"ConfigurationLogoResolver.swift",
				"ConfigurationProjectionService.swift",
				"LegacySettingsStore.swift",
				"LogoAssetOptimizationService.swift",
				"MemoMarkCommerceStore.swift",
				"PermissionCenter.swift",
				"PersonalProfileStore.swift",
				"PhotoImporterFileRepresentationResolver.swift",
				"PhotoLibraryReceiptResumeRecoveryPlanner.swift",
				"SettingsService.swift",
				"SubjectAvatarAssetOptimizationService.swift",
				"SubjectAvatarCropSupport.swift",
			);
			target = F4A1B20B3A9C410100A10001;
		};
		523993373C5E5E7B48A89D60 /* Architecture Share core exceptions */ = {
			isa = PBXFileSystemSynchronizedBuildFileExceptionSet;
			membershipExceptions = (
				"AppEnvironment.swift",
			);
			target = F4A1B20B3A9C410100A10001;
		};
/* End PBXFileSystemSynchronizedBuildFileExceptionSet section */

/* Begin PBXFileSystemSynchronizedRootGroup section */
		B3DBA4F62FE1581100945016 /* MemoMark */ = {
			isa = PBXFileSystemSynchronizedRootGroup;
			exceptions = (
				F4A1B2443A9C410100A10001 /* Exceptions for "MemoMark" folder in "MemoMark" target */,
				77CE0C61042F41738A77F85D /* Exceptions for "MemoMark" folder in "MemoMarkiOS" target */,
			);
			path = MemoMark;
			sourceTree = "<group>";
		};
		A1B2C3113A9C410100A10001 /* MemoMark/App */ = {
			isa = PBXFileSystemSynchronizedRootGroup;
			exceptions = (
				A1B2C3013A9C410100A10001 /* Exceptions for "MemoMark/App" folder in "MemoMarkShareExtension" target */,
			);
			path = MemoMark/App;
			sourceTree = "<group>";
		};
		A1B2C3123A9C410100A10001 /* MemoMark/Models */ = {
			isa = PBXFileSystemSynchronizedRootGroup;
			exceptions = (
				A1B2C3023A9C410100A10001 /* Exceptions for "MemoMark/Models" folder in "MemoMarkShareExtension" target */,
			);
			path = MemoMark/Models;
			sourceTree = "<group>";
		};
		A1B2C3133A9C410100A10001 /* MemoMark/iOS/ShareExtension */ = {
			isa = PBXFileSystemSynchronizedRootGroup;
			exceptions = (
				A1B2C3033A9C410100A10001 /* Exceptions for "MemoMark/iOS/ShareExtension" folder in "MemoMarkShareExtension" target */,
			);
			path = MemoMark/iOS/ShareExtension;
			sourceTree = "<group>";
		};
		A1B2C3143A9C410100A10001 /* MemoMark/Expression */ = {
			isa = PBXFileSystemSynchronizedRootGroup;
			path = MemoMark/Expression;
			sourceTree = "<group>";
		};
		F4A1B2373A9C410100A10001 /* MemoMarkWidgetExtension */ = {
			isa = PBXFileSystemSynchronizedRootGroup;
			path = MemoMarkWidgetExtension;
			sourceTree = "<group>";
		};
		F5B100033A9D000000A10001 /* ../../Tests/MemoMarkTests */ = {
			isa = PBXFileSystemSynchronizedRootGroup;
			path = ../../Tests/MemoMarkTests;
			sourceTree = "<group>";
		};
		C0D000020000000000000001 /* ../../Tests/MemoMarkUITests */ = {
			isa = PBXFileSystemSynchronizedRootGroup;
			path = ../../Tests/MemoMarkUITests;
			sourceTree = "<group>";
		};
		212FE80021D02E315BE1D1D1 /* MemoMark/MemoryEngine shared core */ = {
			isa = PBXFileSystemSynchronizedRootGroup;
			exceptions = (89F16A134D972968E13A0B40,);
			path = MemoMark/MemoryEngine;
			sourceTree = "<group>";
		};
		94C845A3C0C0BCA4B222F8F9 /* MemoMark/ConfigurationCenter shared core */ = {
			isa = PBXFileSystemSynchronizedRootGroup;
			exceptions = (3E3C0DD9DD32A683A3279F6C,);
			path = MemoMark/ConfigurationCenter;
			sourceTree = "<group>";
		};
		4FD191C20F229E73FA3C1F1A /* MemoMark/Domain shared core */ = {
			isa = PBXFileSystemSynchronizedRootGroup;
			path = MemoMark/Domain;
			sourceTree = "<group>";
		};
		42F8EE9D168BCFBBA47B2AAF /* MemoMark/Infrastructure shared core */ = {
			isa = PBXFileSystemSynchronizedRootGroup;
			path = MemoMark/Infrastructure;
			sourceTree = "<group>";
		};
		F63BEAA286763ECA2DC23D02 /* MemoMark/Application shared core */ = {
			isa = PBXFileSystemSynchronizedRootGroup;
			path = MemoMark/Application;
			sourceTree = "<group>";
		};
		856FC273E59A6D95CAAEF37C /* MemoMark/Services shared core */ = {
			isa = PBXFileSystemSynchronizedRootGroup;
			exceptions = (8E824B2F126DB010EC2AA080,);
			path = MemoMark/Services;
			sourceTree = "<group>";
		};
		20069272431CD9B9A7D72D36 /* MemoMark/Architecture shared core */ = {
			isa = PBXFileSystemSynchronizedRootGroup;
			exceptions = (523993373C5E5E7B48A89D60,);
			path = MemoMark/Architecture;
			sourceTree = "<group>";
		};
/* End PBXFileSystemSynchronizedRootGroup section */

/* Begin PBXFrameworksBuildPhase section */
		B3DBA4F12FE1581100945016 /* Frameworks */ = {
			isa = PBXFrameworksBuildPhase;
			files = (
			);
		};
		630755BBC5174C7A80B839C4 /* Frameworks */ = {
			isa = PBXFrameworksBuildPhase;
			files = (
			);
		};
		F4A1B20A3A9C410100A10001 /* Frameworks */ = {
			isa = PBXFrameworksBuildPhase;
			files = (
			);
		};
		F4A1B23B3A9C410100A10001 /* Frameworks */ = {
			isa = PBXFrameworksBuildPhase;
			files = (
			);
		};
		F5B100043A9D000000A10001 /* Frameworks */ = {
			isa = PBXFrameworksBuildPhase;
			files = (
			);
		};
		C0D000040000000000000001 /* Frameworks */ = {
			isa = PBXFrameworksBuildPhase;
			files = (
			);
		};
/* End PBXFrameworksBuildPhase section */

/* Begin PBXGroup section */
		B39FE7622FECAF5200C88A23 /* Recovered References */ = {
			isa = PBXGroup;
			children = (
				DF8DC856451963C66DBDC648 /* MemoMarkBackgroundLiveActivityPayload.swift shared core */,
				B880BF266376FC4FBA0D2E3B /* ProductionExportIntents.swift shared core */,
				1D2E308C51039783B7B2DDD3 /* ProductionDiagnosticsStore.swift shared core */,
				DC68D5F272217506371874C9 /* ProductionDiagnosticsRepository.swift shared core */,
				E3CD1208BCE90560131A4154 /* MemoMarkIntent.swift shared core */,
				DAE44B7040F5C9CD23421D98 /* ImportBatchPhotoIntent.swift shared core */,
				958FB1DBF51082A1D2CA16C8 /* ExportCoordinator.swift shared core */,
				EFCA3B3A082B9FBE27D6B5C7 /* PhotoLibraryRepository.swift shared core */,
				DFAE0641B7E649F495EEB037 /* PhotoRepository.swift shared core */,
				807816BEF0CD046737C1FC87 /* ReverseGeocoder.swift shared core */,
				CE42D2867A99454D57929840 /* MediaGeometryResolver.swift shared core */,
				B564896F9454FB582363B7FB /* GeometryIssue.swift shared core */,
				12A420AFB45BB44898FC7370 /* GeometryLinter.swift shared core */,
				8B4540EBC9607B9449CB9524 /* GeometrySnapshotSerializer.swift shared core */,
				5BD0DB99AA3947E4635C258F /* CanonicalGeometry.swift shared core */,
				B02F417FF260FC44F6464EFD /* CanvasGeometry.swift shared core */,
				0B5A29992A5F57D22685BCE7 /* MediaGeometryOrientation.swift shared core */,
				3FE1D54C711A07648D8B145C /* MediaGeometryFacts.swift shared core */,
				FB79B74DB305732CF3E66A99 /* LivePhotoGeometryResolver.swift shared core */,
				2D08144FD7F605CCDC8A273D /* LivePhotoAssetWriting.swift shared core */,
				6DDF2D03ADD3785CED45A0BA /* StillImageMetadataWriting.swift shared core */,
				3D0A29F4102BBBA15D9ED0A0 /* MediaPipelineRuntimeGate.swift shared core */,
				5EAB86CF5C96604515977A55 /* LivePhotoVideoCompositionService.swift shared core */,
				1044CA97E13E54B0F8CFA668 /* LivePhotoVideoMetadataWriting.swift shared core */,
				011AE302CBC941BB167C572A /* FixedFooterOverlayDescriptor.swift shared core */,
				E8CECDC7553871ACDC7295EC /* MediaProcessingRouter.swift shared core */,
				06F3B0104D51D8B5D3962C76 /* LivePhotoStillImageTimeMetadata.swift shared core */,
				138211007E6C77F578F0FD32 /* LivePhotoAssetReadbackVerification.swift shared core */,
				A2C7EFD62105C5422359A02A /* LivePhotoVideoCompositionInput.swift shared core */,
				85DC136BE2832A69EBE34307 /* LivePhotoAssetLoading.swift shared core */,
				EB12FF4B21623B3F004377D1 /* LivePhotoStillImageCompositionService.swift shared core */,
				ACBDBB9BEF214921E20253D8 /* MediaProcessingPlanner.swift shared core */,
				EA9F58B364D0E8C179893185 /* LivePhotoStillImageCompositionInput.swift shared core */,
				A4A0383E7771BE6C74D869AF /* LivePhotoPairingIdentityVerifier.swift shared core */,
				6EEF307E00B9E141EF7C8EA7 /* LivePhotoAssetBundle.swift shared core */,
				98F9BF1F503BDE9E6ED69F79 /* PhotoKitLivePhotoAssetWriter.swift shared core */,
				78B28CB8098D7D5C68D20EBB /* LivePhotoRenderOutputGeometry.swift shared core */,
				44F293A9CDF6927F6D78A9CE /* LivePhotoSaveRequest.swift shared core */,
				9A881B31B7A1F4364EE31167 /* MetadataPolicyPlan.swift shared core */,
				861AFE97DA02865DD70644AC /* NativeBackdropVideoCompositor.swift shared core */,
				AAE8743A4319939865C9878B /* GlassCardResolvedPresentation.swift shared core */,
				DB5AAE18401E06AB75AB047D /* GlassCardLayoutSpecification.swift shared core */,
				3654E3935DD2CD89B8EF290C /* ClassicWhitePortraitLayoutSpecification.swift shared core */,
				EED5F625FC20E66E7EF81839 /* GlassCardTextFitSpecification.swift shared core */,
				15FE5598221971DD722A7299 /* PresentationPixelGeometry.swift shared core */,
				D496EA2470F26F98BFB5A2D5 /* MinimalCardLayoutSpecification.swift shared core */,
				C2CA23533B1D97C068780931 /* NativeBackdropMaterialRenderer.swift shared core */,
				94755A5FFA4D956E1FFD3D97 /* GlassCardNativeMaterialStudy.swift shared core */,
				DB9935CF4D00F59A99572B7F /* RendererConstants.swift shared core */,
				0C286D3A5C418E52A28D780A /* GlassCardCardRenderer.swift shared core */,
				06E98992BA7C9B7B66D445B4 /* MinimalRenderer.swift shared core */,
				860A517DA0F5FE02DA11DCA8 /* RecordCardPresentationPlanner.swift shared core */,
				9641B5443DB96B3068D39801 /* ClassicWhiteRenderer.swift shared core */,
				38227885E235BDC3769DA058 /* FilmMarkRenderer.swift shared core */,
				95092B7D323C8AA2FD86D9D9 /* RecordCardRenderer.swift shared core */,
				C3755AB1ED0123B36AE08218 /* GlassCardRenderer.swift shared core */,
				23D8D617B962B94CD6A7345A /* BadgeRenderer.swift shared core */,
				644F067E0D94E9483FC53109 /* MetadataProvider.swift shared core */,
				FB953930C238E075E084FFBE /* ExpressionContextMetadataAdapter.swift shared core */,
				D5CFA605A403666D22DC73E0 /* MetadataContextExpressionLookup.swift shared core */,
				F847A02FA37AE61E8087415D /* TemplateVariableEngine.swift shared core */,
				A90E5C6D82D5AC3F3465D181 /* CardTextBlockEngine.swift shared core */,
				6D8A376388DB1F5A0AB522C7 /* FilmMarkLayoutSpecification.swift shared core */,
				006B61F6C75D1B5FAD9DEE8B /* LocationContextBuilder.swift shared core */,
				45AC5BF7AEBF6EDA50857A84 /* LocationConfigurationAdapter.swift shared core */,
				210FBABC6B43F6E2A0EC0A40 /* LocationExpressionProvider.swift shared core */,
				875A5F7EC29EA749FEF63852 /* LocationCoordinate.swift shared core */,
				332AFB675477EE9C4A0E2A6F /* LocationContext.swift shared core */,
				C3E34C61A0EF6C643A7B2851 /* LocationAvailability.swift shared core */,
				03D2E05D44D15F80A4B2B262 /* LocationAddress.swift shared core */,
				5BFD81CDD6958B9EBEB280F3 /* LocationPresentationMode.swift shared core */,
				279AE99BEC837141924838A6 /* LocationFormatter.swift shared core */,
				21F037279DBA978D858CE087 /* LocationResolver.swift shared core */,
				8D1211E8A8D372DBAB65F340 /* LocationResolution.swift shared core */,
				53B1459305420A6788761C88 /* FilmMarkPresentationSpecification.swift shared core */,
				1D701881AE8F7F5D37E9F886 /* AnchorEngine.swift shared core */,
				7375EF90028FA5178C612F14 /* MediaProcessingRoute.swift shared core */,
				076B8972D2E72319BF2F5BF9 /* MediaOutputPolicy.swift shared core */,
				89C069C3539E1F2E4C49F2E9 /* MediaProcessingIntent.swift shared core */,
				F4A1B2383A9C410100A10001 /* MemoMark/iOS/Activity/MemoMarkBackgroundLiveActivityPayload.swift */,
				F4A1B2393A9C410100A10001 /* MemoMark/iOS/Activity/MemoMarkLiveActivityPresentation.swift */,
			);
			name = "Recovered References";
			sourceTree = "<group>";
		};
		B3DBA4EB2FE1581100945016 = {
			isa = PBXGroup;
			children = (
				B3DBA4F62FE1581100945016 /* MemoMark */,
				A0C0A0010000000000000010 /* Localizable.strings */,
				F5B100033A9D000000A10001 /* ../../Tests/MemoMarkTests */,
				C0D000020000000000000001 /* ../../Tests/MemoMarkUITests */,
				A1B2C3143A9C410100A10001 /* MemoMark/Expression */,
				F4A1B2373A9C410100A10001 /* MemoMarkWidgetExtension */,
				B3DBA4F52FE1581100945016 /* Products */,
				B39FE7622FECAF5200C88A23 /* Recovered References */,
			);
			sourceTree = "<group>";
		};
		B3DBA4F52FE1581100945016 /* Products */ = {
			isa = PBXGroup;
			children = (
				B3DBA4F42FE1581100945016 /* MemoMark.app */,
				F5B100023A9D000000A10001 /* MemoMarkTests.xctest */,
				C0D000010000000000000001 /* MemoMarkDeviceQA.xctest */,
				1155B1BF5AC74477ACAA1F66 /* MemoMarkiOS.app */,
				F4A1B2093A9C410100A10001 /* MemoMarkShareExtension.appex */,
				F4A1B2333A9C410100A10001 /* MemoMarkWidgetExtension.appex */,
			);
			name = Products;
			sourceTree = "<group>";
		};
/* End PBXGroup section */

/* Begin PBXNativeTarget section */
		B3DBA4F32FE1581100945016 /* MemoMark */ = {
			isa = PBXNativeTarget;
			buildConfigurationList = B3DBA4FF2FE1581300945016 /* Build configuration list for PBXNativeTarget "MemoMark" */;
			buildPhases = (
				B3DBA4F02FE1581100945016 /* Sources */,
				B3DBA4F12FE1581100945016 /* Frameworks */,
				B3DBA4F22FE1581100945016 /* Resources */,
			);
			buildRules = (
			);
			fileSystemSynchronizedGroups = (
				B3DBA4F62FE1581100945016 /* MemoMark */,
			);
			name = MemoMark;
			productName = MemoMark;
			productReference = B3DBA4F42FE1581100945016 /* MemoMark.app */;
			productType = "com.apple.product-type.application";
		};
		DF8E1E1435DC445F99C53213 /* MemoMarkiOS */ = {
			isa = PBXNativeTarget;
			buildConfigurationList = FD8F6E5CD0234A8BB96291DE /* Build configuration list for PBXNativeTarget "MemoMarkiOS" */;
			buildPhases = (
				F89B4A3D3DB343EBAF7D9B7F /* Sources */,
				630755BBC5174C7A80B839C4 /* Frameworks */,
				8BC39CB08D7741D3BB38C1AC /* Resources */,
				8B0A7C6D4E184A8AA7E10003 /* Embed App Extensions */,
			);
			buildRules = (
			);
			dependencies = (
				8B0A7C6D4E184A8AA7E10004 /* PBXTargetDependency */,
				8B0A7C6D4E184A8AA7E10007 /* PBXTargetDependency */,
			);
			fileSystemSynchronizedGroups = (
				B3DBA4F62FE1581100945016 /* MemoMark */,
			);
			name = MemoMarkiOS;
			productName = MemoMarkiOS;
			productReference = 1155B1BF5AC74477ACAA1F66 /* MemoMarkiOS.app */;
			productType = "com.apple.product-type.application";
		};
		F4A1B20B3A9C410100A10001 /* MemoMarkShareExtension */ = {
			isa = PBXNativeTarget;
			buildConfigurationList = F4A1B2103A9C410100A10001 /* Build configuration list for PBXNativeTarget "MemoMarkShareExtension" */;
			buildPhases = (
				F4A1B20C3A9C410100A10001 /* Sources */,
				F4A1B20A3A9C410100A10001 /* Frameworks */,
				F4A1B20D3A9C410100A10001 /* Resources */,
			);
			buildRules = (
			);
			fileSystemSynchronizedGroups = (
				A1B2C3113A9C410100A10001 /* MemoMark/App */,
				A1B2C3143A9C410100A10001 /* MemoMark/Expression */,
				A1B2C3123A9C410100A10001 /* MemoMark/Models */,
				A1B2C3133A9C410100A10001 /* MemoMark/iOS/ShareExtension */,
				212FE80021D02E315BE1D1D1 /* MemoMark/MemoryEngine shared core */,
				94C845A3C0C0BCA4B222F8F9 /* MemoMark/ConfigurationCenter shared core */,
				4FD191C20F229E73FA3C1F1A /* MemoMark/Domain shared core */,
				42F8EE9D168BCFBBA47B2AAF /* MemoMark/Infrastructure shared core */,
				F63BEAA286763ECA2DC23D02 /* MemoMark/Application shared core */,
				856FC273E59A6D95CAAEF37C /* MemoMark/Services shared core */,
				20069272431CD9B9A7D72D36 /* MemoMark/Architecture shared core */,
			);
			name = MemoMarkShareExtension;
			productName = MemoMarkShareExtension;
			productReference = F4A1B2093A9C410100A10001 /* MemoMarkShareExtension.appex */;
			productType = "com.apple.product-type.app-extension";
		};
		F4A1B23E3A9C410100A10001 /* MemoMarkWidgetExtension */ = {
			isa = PBXNativeTarget;
			buildConfigurationList = F4A1B2433A9C410100A10001 /* Build configuration list for PBXNativeTarget "MemoMarkWidgetExtension" */;
			buildPhases = (
				F4A1B23A3A9C410100A10001 /* Sources */,
				F4A1B23B3A9C410100A10001 /* Frameworks */,
				F4A1B23C3A9C410100A10001 /* Resources */,
			);
			buildRules = (
			);
			fileSystemSynchronizedGroups = (
				F4A1B2373A9C410100A10001 /* MemoMarkWidgetExtension */,
			);
			name = MemoMarkWidgetExtension;
			productName = MemoMarkWidgetExtension;
			productReference = F4A1B2333A9C410100A10001 /* MemoMarkWidgetExtension.appex */;
			productType = "com.apple.product-type.app-extension";
		};
		F5B1000A3A9D000000A10001 /* MemoMarkTests */ = {
			isa = PBXNativeTarget;
			buildConfigurationList = F5B1000B3A9D000000A10001 /* Build configuration list for PBXNativeTarget "MemoMarkTests" */;
			buildPhases = (
				F5B100053A9D000000A10001 /* Sources */,
				F5B100043A9D000000A10001 /* Frameworks */,
				F5B100063A9D000000A10001 /* Resources */,
			);
			buildRules = (
			);
			dependencies = (
				F5B100093A9D000000A10001 /* PBXTargetDependency */,
			);
			fileSystemSynchronizedGroups = (
				F5B100033A9D000000A10001 /* ../../Tests/MemoMarkTests */,
			);
			name = MemoMarkTests;
			productName = MemoMarkTests;
			productReference = F5B100023A9D000000A10001 /* MemoMarkTests.xctest */;
			productType = "com.apple.product-type.bundle.unit-test";
		};
		C0D000030000000000000001 /* MemoMarkDeviceQA */ = {
			isa = PBXNativeTarget;
			buildConfigurationList = C0D0000B0000000000000001 /* Build configuration list for PBXNativeTarget "MemoMarkDeviceQA" */;
			buildPhases = (
				C0D000060000000000000001 /* Sources */,
				C0D000040000000000000001 /* Frameworks */,
				C0D000050000000000000001 /* Resources */,
			);
			buildRules = (
			);
			dependencies = (
				C0D000080000000000000001 /* PBXTargetDependency */,
			);
			fileSystemSynchronizedGroups = (
				C0D000020000000000000001 /* ../../Tests/MemoMarkUITests */,
			);
			name = MemoMarkDeviceQA;
			productName = MemoMarkDeviceQA;
			productReference = C0D000010000000000000001 /* MemoMarkDeviceQA.xctest */;
			productType = "com.apple.product-type.bundle.ui-testing";
		};
/* End PBXNativeTarget section */

/* Begin PBXProject section */
		B3DBA4EC2FE1581100945016 /* Project object */ = {
			isa = PBXProject;
			attributes = {
				BuildIndependentTargetsInParallel = 1;
				LastSwiftUpdateCheck = 2660;
				LastUpgradeCheck = 2660;
				TargetAttributes = {
					B3DBA4F32FE1581100945016 = {
						CreatedOnToolsVersion = 27.0;
					};
					DF8E1E1435DC445F99C53213 = {
						CreatedOnToolsVersion = 27.0;
					};
					F4A1B20B3A9C410100A10001 = {
						CreatedOnToolsVersion = 27.0;
					};
					F4A1B23E3A9C410100A10001 = {
						CreatedOnToolsVersion = 27.0;
					};
				F5B1000A3A9D000000A10001 = {
					CreatedOnToolsVersion = 27.0;
					TestTargetID = B3DBA4F32FE1581100945016;
				};
				C0D000030000000000000001 = {
					CreatedOnToolsVersion = 27.0;
					TestTargetID = DF8E1E1435DC445F99C53213;
				};
				};
			};
			buildConfigurationList = B3DBA4EF2FE1581100945016 /* Build configuration list for PBXProject "MemoMark" */;
			developmentRegion = en;
			hasScannedForEncodings = 0;
			knownRegions = (
				en,
				zh-Hans,
				Base,
			);
			mainGroup = B3DBA4EB2FE1581100945016;
			minimizedProjectReferenceProxies = 1;
			preferredProjectObjectVersion = 77;
			productRefGroup = B3DBA4F52FE1581100945016 /* Products */;
			projectDirPath = "";
			projectRoot = "";
			targets = (
				B3DBA4F32FE1581100945016 /* MemoMark */,
				F5B1000A3A9D000000A10001 /* MemoMarkTests */,
				DF8E1E1435DC445F99C53213 /* MemoMarkiOS */,
				F4A1B20B3A9C410100A10001 /* MemoMarkShareExtension */,
				F4A1B23E3A9C410100A10001 /* MemoMarkWidgetExtension */,
				C0D000030000000000000001 /* MemoMarkDeviceQA */,
			);
		};
/* End PBXProject section */

/* Begin PBXResourcesBuildPhase section */
		B3DBA4F22FE1581100945016 /* Resources */ = {
			isa = PBXResourcesBuildPhase;
			files = (
			);
		};
		8BC39CB08D7741D3BB38C1AC /* Resources */ = {
			isa = PBXResourcesBuildPhase;
			files = (
			);
		};
		F4A1B20D3A9C410100A10001 /* Resources */ = {
			isa = PBXResourcesBuildPhase;
			files = (
				A0C0A0010000000000000103 /* Localizable.strings in Share Extension resources */,
			);
		};
		F4A1B23C3A9C410100A10001 /* Resources */ = {
			isa = PBXResourcesBuildPhase;
			files = (
				F4A1B23D3A9C410100A10001 /* Localizable.strings in Widget Extension resources */,
			);
		};
		F5B100063A9D000000A10001 /* Resources */ = {
			isa = PBXResourcesBuildPhase;
			files = (
			);
		};
		C0D000050000000000000001 /* Resources */ = {
			isa = PBXResourcesBuildPhase;
			files = (
			);
		};
/* End PBXResourcesBuildPhase section */

/* Begin PBXSourcesBuildPhase section */
		B3DBA4F02FE1581100945016 /* Sources */ = {
			isa = PBXSourcesBuildPhase;
			files = (
			);
		};
		F89B4A3D3DB343EBAF7D9B7F /* Sources */ = {
			isa = PBXSourcesBuildPhase;
			files = (
			);
		};
		F4A1B20C3A9C410100A10001 /* Sources */ = {
			isa = PBXSourcesBuildPhase;
			files = (
				FA06B39CD8DE47544BA05D49 /* MemoMarkBackgroundLiveActivityPayload.swift in Share sources */,
				835516D9C6CC9A1F46AB2B14 /* ProductionExportIntents.swift in Share sources */,
				CB43F467B9FF7CE2590E78B9 /* ProductionDiagnosticsStore.swift in Share sources */,
				F6687C034863A80C9B714130 /* ProductionDiagnosticsRepository.swift in Share sources */,
				591768FE27E3AE0D9D4479D3 /* MemoMarkIntent.swift in Share sources */,
				0C300548B483DF34A0828010 /* ImportBatchPhotoIntent.swift in Share sources */,
				5146B5A4F826A10DD0304B35 /* ExportCoordinator.swift in Share sources */,
				DB599A7EE71507E27ED9C735 /* PhotoLibraryRepository.swift in Share sources */,
				C2366B2C965F9473CE243157 /* PhotoRepository.swift in Share sources */,
				0DEBF20465B2AD27E6B9819B /* ReverseGeocoder.swift in Share sources */,
				2E725419268051F102DE30E4 /* MediaGeometryResolver.swift in Share sources */,
				460C614D568CA2198D1276E6 /* GeometryIssue.swift in Share sources */,
				42299515F194916D3DCBAF9A /* GeometryLinter.swift in Share sources */,
				694FC682B18B63947FCB5A14 /* GeometrySnapshotSerializer.swift in Share sources */,
				C2ED4CC85E510F967711835F /* CanonicalGeometry.swift in Share sources */,
				3EC59E639667930D448E7C86 /* CanvasGeometry.swift in Share sources */,
				CCD9DD20451D948D64B62F60 /* MediaGeometryOrientation.swift in Share sources */,
				58668F436B18BA814CE1C581 /* MediaGeometryFacts.swift in Share sources */,
				1F29258DE28EC4E7068A1D58 /* LivePhotoGeometryResolver.swift in Share sources */,
				C331BAE3996E922739CCE75F /* LivePhotoAssetWriting.swift in Share sources */,
				43A0FFDA75B0EBABA9ABCFD6 /* StillImageMetadataWriting.swift in Share sources */,
				BDFADAD9A0D44585D6A2ECFF /* MediaPipelineRuntimeGate.swift in Share sources */,
				5D3BEF232FB85F6231408A77 /* LivePhotoVideoCompositionService.swift in Share sources */,
				41C7EDDFA7B24F693080E9EC /* LivePhotoVideoMetadataWriting.swift in Share sources */,
				37027CF150C8666A3F07BC93 /* FixedFooterOverlayDescriptor.swift in Share sources */,
				F40BBD4833B3A8308277EEB2 /* MediaProcessingRouter.swift in Share sources */,
				D338F9D89867F01550F50EFD /* LivePhotoStillImageTimeMetadata.swift in Share sources */,
				2408CE93245B03CD9280DEA6 /* LivePhotoAssetReadbackVerification.swift in Share sources */,
				E5EC5C45ED0D5079528167C1 /* LivePhotoVideoCompositionInput.swift in Share sources */,
				83D424CD051FB950E1D8B07A /* LivePhotoAssetLoading.swift in Share sources */,
				927C7B39D5B6E8AB05D7AD53 /* LivePhotoStillImageCompositionService.swift in Share sources */,
				B76EA1CCFB90B0ED6F3B7F40 /* MediaProcessingPlanner.swift in Share sources */,
				934A35A6A683B020DB699C8F /* LivePhotoStillImageCompositionInput.swift in Share sources */,
				5A070074FF7F00EEADB2EBCB /* LivePhotoPairingIdentityVerifier.swift in Share sources */,
				AA63983FFCC2157B7B30032E /* LivePhotoAssetBundle.swift in Share sources */,
				6C7DB2F51908A9ED6E7F0F43 /* PhotoKitLivePhotoAssetWriter.swift in Share sources */,
				19BA98D677B3D929BF0F9848 /* LivePhotoRenderOutputGeometry.swift in Share sources */,
				81312F0593E5701D46301116 /* LivePhotoSaveRequest.swift in Share sources */,
				BA01F2B5A97B40E618746A44 /* MetadataPolicyPlan.swift in Share sources */,
				438713BFDCED80EB101A9A47 /* NativeBackdropVideoCompositor.swift in Share sources */,
				CD806CD76EEC2E3088793C31 /* GlassCardResolvedPresentation.swift in Share sources */,
				6BDDFEFB3911B4CEB0440F3B /* GlassCardLayoutSpecification.swift in Share sources */,
				B351738EF234AF7E3D9FA698 /* ClassicWhitePortraitLayoutSpecification.swift in Share sources */,
				31143514BFB541AA0B0BA1CC /* GlassCardTextFitSpecification.swift in Share sources */,
				36E794CCFE34CA5E3F7BDF6E /* PresentationPixelGeometry.swift in Share sources */,
				C712D3943845BDF37FDDEC16 /* MinimalCardLayoutSpecification.swift in Share sources */,
				8D1FB43FD298073983447B37 /* NativeBackdropMaterialRenderer.swift in Share sources */,
				01B6A1C840CD8BFCE22E3BC4 /* GlassCardNativeMaterialStudy.swift in Share sources */,
				66FE79597BCB136BC0070E1E /* RendererConstants.swift in Share sources */,
				74C8DDD88C025882D833D411 /* GlassCardCardRenderer.swift in Share sources */,
				376C11DA097CAAD3A2C00E3B /* MinimalRenderer.swift in Share sources */,
				D29772BFEA1FBC6EBCC29098 /* RecordCardPresentationPlanner.swift in Share sources */,
				1FA0302D4DF9F864C3ED33B0 /* ClassicWhiteRenderer.swift in Share sources */,
				57A5A042DF3F57E90E253749 /* FilmMarkRenderer.swift in Share sources */,
				8B9166C8485778906C44E77A /* RecordCardRenderer.swift in Share sources */,
				E6252FDF75F8C664CFB504B6 /* GlassCardRenderer.swift in Share sources */,
				378878A7B34BDD54D3538ED9 /* BadgeRenderer.swift in Share sources */,
				354B3C62091C672BF828EFF0 /* MetadataProvider.swift in Share sources */,
				C891388CA53D452BAA51397B /* ExpressionContextMetadataAdapter.swift in Share sources */,
				A97D3FAE467EEA46B497DB4B /* MetadataContextExpressionLookup.swift in Share sources */,
				C2DE56DFD3FB80EF49FBFE9C /* TemplateVariableEngine.swift in Share sources */,
				956684D5335E2457D888D092 /* CardTextBlockEngine.swift in Share sources */,
				0FE4779ABC1F0E0C9C4EEB20 /* FilmMarkLayoutSpecification.swift in Share sources */,
				0637527FFE075FFA29768713 /* LocationContextBuilder.swift in Share sources */,
				807814D33671419912F9190C /* LocationConfigurationAdapter.swift in Share sources */,
				B7DB9D93DBA90ABF45DA8244 /* LocationExpressionProvider.swift in Share sources */,
				932B94B98F8013EABBD9826A /* LocationCoordinate.swift in Share sources */,
				C762C8C99327271EDEEFBBD7 /* LocationContext.swift in Share sources */,
				E7ECE7B5126B1156A57E6047 /* LocationAvailability.swift in Share sources */,
				384CFBF517AF380D0951C770 /* LocationAddress.swift in Share sources */,
				A191479DE409BF1AE22D2FC1 /* LocationPresentationMode.swift in Share sources */,
				FE9BD9B31E9E69C14972FE84 /* LocationFormatter.swift in Share sources */,
				0D47B701BA1399C07BCC9888 /* LocationResolver.swift in Share sources */,
				7F28BA9E39603A6788A33F6E /* LocationResolution.swift in Share sources */,
				6D3ECD8138149A2B66AAA877 /* FilmMarkPresentationSpecification.swift in Share sources */,
				0A843A43DC503811C61DEECF /* AnchorEngine.swift in Share sources */,
				C6E2C4D2C164041CA29C5117 /* MediaProcessingRoute.swift in Share sources */,
				39FEBA20129EF24FD36BFC73 /* MediaOutputPolicy.swift in Share sources */,
				675060E6A272D2F2FBC7D5AB /* MediaProcessingIntent.swift in Share sources */,
			);
		};
		F4A1B23A3A9C410100A10001 /* Sources */ = {
			isa = PBXSourcesBuildPhase;
			files = (
				F4A1B23E3A9C410100A10002 /* MemoMark/App/MemoMarkSharedContainer.swift in Widget Extension sources */,
				F4A1B2303A9C410100A10001 /* MemoMark/iOS/Activity/MemoMarkBackgroundLiveActivityPayload.swift in Sources */,
				F4A1B2313A9C410100A10001 /* MemoMark/iOS/Activity/MemoMarkLiveActivityPresentation.swift in Sources */,
				F4A1B2403A9C410100A10002 /* MemoMark/Models/MemoMarkLanguage.swift in Widget Extension sources */,
			);
		};
		F5B100053A9D000000A10001 /* Sources */ = {
			isa = PBXSourcesBuildPhase;
			files = (
			);
		};
		C0D000060000000000000001 /* Sources */ = {
			isa = PBXSourcesBuildPhase;
			files = (
			);
		};
/* End PBXSourcesBuildPhase section */

/* Begin PBXTargetDependency section */
		8B0A7C6D4E184A8AA7E10004 /* PBXTargetDependency */ = {
			isa = PBXTargetDependency;
			target = F4A1B20B3A9C410100A10001 /* MemoMarkShareExtension */;
			targetProxy = 8B0A7C6D4E184A8AA7E10002 /* PBXContainerItemProxy */;
		};
		8B0A7C6D4E184A8AA7E10007 /* PBXTargetDependency */ = {
			isa = PBXTargetDependency;
			target = F4A1B23E3A9C410100A10001 /* MemoMarkWidgetExtension */;
			targetProxy = 8B0A7C6D4E184A8AA7E10006 /* PBXContainerItemProxy */;
		};
		F5B100093A9D000000A10001 /* PBXTargetDependency */ = {
			isa = PBXTargetDependency;
			target = B3DBA4F32FE1581100945016 /* MemoMark */;
			targetProxy = F5B100013A9D000000A10001 /* PBXContainerItemProxy */;
		};
		C0D000080000000000000001 /* PBXTargetDependency */ = {
			isa = PBXTargetDependency;
			target = DF8E1E1435DC445F99C53213 /* MemoMarkiOS */;
			targetProxy = C0D000070000000000000001 /* PBXContainerItemProxy */;
		};
/* End PBXTargetDependency section */

/* Begin XCBuildConfiguration section */
		B3DBA4FD2FE1581300945016 /* Debug configuration for PBXProject "MemoMark" */ = {
			isa = XCBuildConfiguration;
			buildSettings = {
				ALWAYS_SEARCH_USER_PATHS = NO;
				ASSETCATALOG_COMPILER_GENERATE_SWIFT_ASSET_SYMBOL_EXTENSIONS = YES;
				CLANG_ANALYZER_NONNULL = YES;
				CLANG_ANALYZER_NUMBER_OBJECT_CONVERSION = YES_AGGRESSIVE;
				CLANG_CXX_LANGUAGE_STANDARD = "gnu++20";
				CLANG_ENABLE_MODULES = YES;
				CLANG_ENABLE_OBJC_ARC = YES;
				CLANG_ENABLE_OBJC_WEAK = YES;
				CLANG_WARN_BLOCK_CAPTURE_AUTORELEASING = YES;
				CLANG_WARN_BOOL_CONVERSION = YES;
				CLANG_WARN_COMMA = YES;
				CLANG_WARN_CONSTANT_CONVERSION = YES;
				CLANG_WARN_DEPRECATED_OBJC_IMPLEMENTATIONS = YES;
				CLANG_WARN_DIRECT_OBJC_ISA_USAGE = YES_ERROR;
				CLANG_WARN_DOCUMENTATION_COMMENTS = YES;
				CLANG_WARN_EMPTY_BODY = YES;
				CLANG_WARN_ENUM_CONVERSION = YES;
				CLANG_WARN_INFINITE_RECURSION = YES;
				CLANG_WARN_INT_CONVERSION = YES;
				CLANG_WARN_NON_LITERAL_NULL_CONVERSION = YES;
				CLANG_WARN_OBJC_IMPLICIT_RETAIN_SELF = YES;
				CLANG_WARN_OBJC_LITERAL_CONVERSION = YES;
				CLANG_WARN_OBJC_ROOT_CLASS = YES_ERROR;
				CLANG_WARN_QUOTED_INCLUDE_IN_FRAMEWORK_HEADER = YES;
				CLANG_WARN_RANGE_LOOP_ANALYSIS = YES;
				CLANG_WARN_STRICT_PROTOTYPES = YES;
				CLANG_WARN_SUSPICIOUS_MOVE = YES;
				CLANG_WARN_UNGUARDED_AVAILABILITY = YES_AGGRESSIVE;
				CLANG_WARN_UNREACHABLE_CODE = YES;
				CLANG_WARN__DUPLICATE_METHOD_MATCH = YES;
				COPY_PHASE_STRIP = NO;
				DEBUG_INFORMATION_FORMAT = dwarf;
				DEVELOPMENT_TEAM = UK7ZR8G564;
				ENABLE_STRICT_OBJC_MSGSEND = YES;
				ENABLE_TESTABILITY = YES;
				ENABLE_USER_SCRIPT_SANDBOXING = YES;
				GCC_C_LANGUAGE_STANDARD = gnu17;
				GCC_DYNAMIC_NO_PIC = NO;
				GCC_NO_COMMON_BLOCKS = YES;
				GCC_OPTIMIZATION_LEVEL = 0;
				GCC_PREPROCESSOR_DEFINITIONS = (
					"DEBUG=1",
					"$(inherited)",
				);
				GCC_WARN_64_TO_32_BIT_CONVERSION = YES;
				GCC_WARN_ABOUT_RETURN_TYPE = YES_ERROR;
				GCC_WARN_UNDECLARED_SELECTOR = YES;
				GCC_WARN_UNINITIALIZED_AUTOS = YES_AGGRESSIVE;
				GCC_WARN_UNUSED_FUNCTION = YES;
				GCC_WARN_UNUSED_VARIABLE = YES;
				LOCALIZATION_PREFERS_STRING_CATALOGS = YES;
				MACOSX_DEPLOYMENT_TARGET = 27.0;
				MTL_ENABLE_DEBUG_INFO = INCLUDE_SOURCE;
				MTL_FAST_MATH = YES;
				ONLY_ACTIVE_ARCH = YES;
				SDKROOT = macosx;
				SWIFT_ACTIVE_COMPILATION_CONDITIONS = "DEBUG $(inherited)";
				SWIFT_OPTIMIZATION_LEVEL = "-Onone";
			};
			name = Debug;
		};
		B3DBA4FE2FE1581300945016 /* Release configuration for PBXProject "MemoMark" */ = {
			isa = XCBuildConfiguration;
			buildSettings = {
				ALWAYS_SEARCH_USER_PATHS = NO;
				ASSETCATALOG_COMPILER_GENERATE_SWIFT_ASSET_SYMBOL_EXTENSIONS = YES;
				CLANG_ANALYZER_NONNULL = YES;
				CLANG_ANALYZER_NUMBER_OBJECT_CONVERSION = YES_AGGRESSIVE;
				CLANG_CXX_LANGUAGE_STANDARD = "gnu++20";
				CLANG_ENABLE_MODULES = YES;
				CLANG_ENABLE_OBJC_ARC = YES;
				CLANG_ENABLE_OBJC_WEAK = YES;
				CLANG_WARN_BLOCK_CAPTURE_AUTORELEASING = YES;
				CLANG_WARN_BOOL_CONVERSION = YES;
				CLANG_WARN_COMMA = YES;
				CLANG_WARN_CONSTANT_CONVERSION = YES;
				CLANG_WARN_DEPRECATED_OBJC_IMPLEMENTATIONS = YES;
				CLANG_WARN_DIRECT_OBJC_ISA_USAGE = YES_ERROR;
				CLANG_WARN_DOCUMENTATION_COMMENTS = YES;
				CLANG_WARN_EMPTY_BODY = YES;
				CLANG_WARN_ENUM_CONVERSION = YES;
				CLANG_WARN_INFINITE_RECURSION = YES;
				CLANG_WARN_INT_CONVERSION = YES;
				CLANG_WARN_NON_LITERAL_NULL_CONVERSION = YES;
				CLANG_WARN_OBJC_IMPLICIT_RETAIN_SELF = YES;
				CLANG_WARN_OBJC_LITERAL_CONVERSION = YES;
				CLANG_WARN_OBJC_ROOT_CLASS = YES_ERROR;
				CLANG_WARN_QUOTED_INCLUDE_IN_FRAMEWORK_HEADER = YES;
				CLANG_WARN_RANGE_LOOP_ANALYSIS = YES;
				CLANG_WARN_STRICT_PROTOTYPES = YES;
				CLANG_WARN_SUSPICIOUS_MOVE = YES;
				CLANG_WARN_UNGUARDED_AVAILABILITY = YES_AGGRESSIVE;
				CLANG_WARN_UNREACHABLE_CODE = YES;
				CLANG_WARN__DUPLICATE_METHOD_MATCH = YES;
				COPY_PHASE_STRIP = NO;
				DEBUG_INFORMATION_FORMAT = "dwarf-with-dsym";
				DEVELOPMENT_TEAM = UK7ZR8G564;
				ENABLE_NS_ASSERTIONS = NO;
				ENABLE_STRICT_OBJC_MSGSEND = YES;
				ENABLE_USER_SCRIPT_SANDBOXING = YES;
				GCC_C_LANGUAGE_STANDARD = gnu17;
				GCC_NO_COMMON_BLOCKS = YES;
				GCC_WARN_64_TO_32_BIT_CONVERSION = YES;
				GCC_WARN_ABOUT_RETURN_TYPE = YES_ERROR;
				GCC_WARN_UNDECLARED_SELECTOR = YES;
				GCC_WARN_UNINITIALIZED_AUTOS = YES_AGGRESSIVE;
				GCC_WARN_UNUSED_FUNCTION = YES;
				GCC_WARN_UNUSED_VARIABLE = YES;
				LOCALIZATION_PREFERS_STRING_CATALOGS = YES;
				MACOSX_DEPLOYMENT_TARGET = 27.0;
				MTL_ENABLE_DEBUG_INFO = NO;
				MTL_FAST_MATH = YES;
				SDKROOT = macosx;
				SWIFT_COMPILATION_MODE = wholemodule;
			};
			name = Release;
		};
		B3DBA5002FE1581300945016 /* Debug configuration for PBXNativeTarget "MemoMark" */ = {
			isa = XCBuildConfiguration;
			buildSettings = {
				ASSETCATALOG_COMPILER_APPICON_NAME = AppIcon;
				ASSETCATALOG_COMPILER_GLOBAL_ACCENT_COLOR_NAME = AccentColor;
				CODE_SIGN_ENTITLEMENTS = MemoMark/MemoMark.entitlements;
				CODE_SIGN_STYLE = Automatic;
				COMBINE_HIDPI_IMAGES = YES;
                CURRENT_PROJECT_VERSION = 124;
				DEVELOPMENT_TEAM = UK7ZR8G564;
				ENABLE_APP_SANDBOX = YES;
				ENABLE_HARDENED_RUNTIME = YES;
				ENABLE_PREVIEWS = YES;
				ENABLE_USER_SELECTED_FILES = readonly;
				GENERATE_INFOPLIST_FILE = NO;
				INFOPLIST_FILE = "MemoMark-Info.plist";
				INFOPLIST_KEY_NSHumanReadableCopyright = "";
				INFOPLIST_KEY_NSPhotoLibraryAddUsageDescription = "时光记需要把处理后的照片存回你的系统相册。";
				INFOPLIST_KEY_NSPhotoLibraryUsageDescription = "时光记需要读取你选择的相册，并把处理后的照片保存进去。";
				LD_RUNPATH_SEARCH_PATHS = (
					"$(inherited)",
					"@executable_path/../Frameworks",
				);
				MARKETING_VERSION = 2.3.6;
				PRODUCT_BUNDLE_IDENTIFIER = com.serydoo.PhotoMemo;
				PRODUCT_NAME = "$(TARGET_NAME)";
				REGISTER_APP_GROUPS = YES;
				STRING_CATALOG_GENERATE_SYMBOLS = YES;
				SWIFT_APPROACHABLE_CONCURRENCY = YES;
				SWIFT_DEFAULT_ACTOR_ISOLATION = MainActor;
				SWIFT_EMIT_LOC_STRINGS = YES;
				SWIFT_UPCOMING_FEATURE_MEMBER_IMPORT_VISIBILITY = YES;
				SWIFT_VERSION = 5.0;
			};
			name = Debug;
		};
		B3DBA5012FE1581300945016 /* Release configuration for PBXNativeTarget "MemoMark" */ = {
			isa = XCBuildConfiguration;
			buildSettings = {
				ASSETCATALOG_COMPILER_APPICON_NAME = AppIcon;
				ASSETCATALOG_COMPILER_GLOBAL_ACCENT_COLOR_NAME = AccentColor;
				CODE_SIGN_ENTITLEMENTS = MemoMark/MemoMark.entitlements;
				CODE_SIGN_STYLE = Automatic;
				COMBINE_HIDPI_IMAGES = YES;
                CURRENT_PROJECT_VERSION = 124;
				DEVELOPMENT_TEAM = UK7ZR8G564;
				ENABLE_APP_SANDBOX = YES;
				ENABLE_HARDENED_RUNTIME = YES;
				ENABLE_PREVIEWS = YES;
				ENABLE_USER_SELECTED_FILES = readonly;
				GENERATE_INFOPLIST_FILE = NO;
				INFOPLIST_FILE = "MemoMark-Info.plist";
				INFOPLIST_KEY_NSHumanReadableCopyright = "";
				INFOPLIST_KEY_NSPhotoLibraryAddUsageDescription = "时光记需要把处理后的照片存回你的系统相册。";
				INFOPLIST_KEY_NSPhotoLibraryUsageDescription = "时光记需要读取你选择的相册，并把处理后的照片保存进去。";
				LD_RUNPATH_SEARCH_PATHS = (
					"$(inherited)",
					"@executable_path/../Frameworks",
				);
				MARKETING_VERSION = 2.3.6;
				PRODUCT_BUNDLE_IDENTIFIER = com.serydoo.PhotoMemo;
				PRODUCT_NAME = "$(TARGET_NAME)";
				REGISTER_APP_GROUPS = YES;
				STRING_CATALOG_GENERATE_SYMBOLS = YES;
				SWIFT_APPROACHABLE_CONCURRENCY = YES;
				SWIFT_DEFAULT_ACTOR_ISOLATION = MainActor;
				SWIFT_EMIT_LOC_STRINGS = YES;
				SWIFT_UPCOMING_FEATURE_MEMBER_IMPORT_VISIBILITY = YES;
				SWIFT_VERSION = 5.0;
			};
			name = Release;
		};
		F9F054D5C7B4471E885C1840 /* Debug configuration for PBXNativeTarget "MemoMarkiOS" */ = {
			isa = XCBuildConfiguration;
			buildSettings = {
				ASSETCATALOG_COMPILER_APPICON_NAME = AppIcon;
				ASSETCATALOG_COMPILER_GLOBAL_ACCENT_COLOR_NAME = AccentColor;
				CODE_SIGN_ENTITLEMENTS = MemoMark/MemoMarkiOS.entitlements;
				CODE_SIGN_STYLE = Automatic;
                CURRENT_PROJECT_VERSION = 124;
				DEVELOPMENT_TEAM = UK7ZR8G564;
				GENERATE_INFOPLIST_FILE = NO;
				INFOPLIST_FILE = "MemoMarkiOS-Info.plist";
				INFOPLIST_KEY_CFBundleDisplayName = "时光记";
				INFOPLIST_KEY_CFBundleURLTypes = "{\n    CFBundleTypeRole = Editor;\n    CFBundleURLName = \"com.serydoo.PhotoMemo.iOS\";\n    CFBundleURLSchemes =     (\n        memomark,\n        photomemo\n    );\n}";
				INFOPLIST_KEY_NSHumanReadableCopyright = "";
				INFOPLIST_KEY_NSPhotoLibraryAddUsageDescription = "时光记需要把处理后的照片存回你的系统相册。";
				INFOPLIST_KEY_NSPhotoLibraryUsageDescription = "时光记需要读取你选择的照片与相册，并把处理后的照片保存进去。";
				INFOPLIST_KEY_NSSupportsLiveActivities = YES;
				INFOPLIST_KEY_UILaunchStoryboardName = LaunchScreen;
				INFOPLIST_KEY_UISupportedInterfaceOrientations_iPad = "UIInterfaceOrientationPortrait UIInterfaceOrientationPortraitUpsideDown UIInterfaceOrientationLandscapeLeft UIInterfaceOrientationLandscapeRight";
				INFOPLIST_KEY_UISupportedInterfaceOrientations_iPhone = "UIInterfaceOrientationPortrait UIInterfaceOrientationLandscapeLeft UIInterfaceOrientationLandscapeRight";
				IPHONEOS_DEPLOYMENT_TARGET = 18.0;
				LD_RUNPATH_SEARCH_PATHS = (
					"$(inherited)",
					"@executable_path/Frameworks",
				);
				MARKETING_VERSION = 2.3.6;
				PRODUCT_BUNDLE_IDENTIFIER = com.serydoo.PhotoMemo.iOS;
				PRODUCT_NAME = "$(TARGET_NAME)";
				SDKROOT = iphoneos;
				STRING_CATALOG_GENERATE_SYMBOLS = YES;
				SUPPORTED_PLATFORMS = "iphoneos iphonesimulator";
				SUPPORTS_MACCATALYST = NO;
				SWIFT_APPROACHABLE_CONCURRENCY = YES;
				SWIFT_DEFAULT_ACTOR_ISOLATION = MainActor;
				SWIFT_EMIT_LOC_STRINGS = YES;
				SWIFT_UPCOMING_FEATURE_MEMBER_IMPORT_VISIBILITY = YES;
				SWIFT_VERSION = 5.0;
				TARGETED_DEVICE_FAMILY = "1,2";
			};
			name = Debug;
		};
		2DB40F57D9AA4FC5AD790FF2 /* Release configuration for PBXNativeTarget "MemoMarkiOS" */ = {
			isa = XCBuildConfiguration;
			buildSettings = {
				ASSETCATALOG_COMPILER_APPICON_NAME = AppIcon;
				ASSETCATALOG_COMPILER_GLOBAL_ACCENT_COLOR_NAME = AccentColor;
				CODE_SIGN_ENTITLEMENTS = MemoMark/MemoMarkiOS.entitlements;
				CODE_SIGN_STYLE = Automatic;
                CURRENT_PROJECT_VERSION = 124;
				DEVELOPMENT_TEAM = UK7ZR8G564;
				GENERATE_INFOPLIST_FILE = NO;
				INFOPLIST_FILE = "MemoMarkiOS-Info.plist";
				INFOPLIST_KEY_CFBundleDisplayName = "时光记";
				INFOPLIST_KEY_CFBundleURLTypes = "{\n    CFBundleTypeRole = Editor;\n    CFBundleURLName = \"com.serydoo.PhotoMemo.iOS\";\n    CFBundleURLSchemes =     (\n        memomark,\n        photomemo\n    );\n}";
				INFOPLIST_KEY_NSHumanReadableCopyright = "";
				INFOPLIST_KEY_NSPhotoLibraryAddUsageDescription = "时光记需要把处理后的照片存回你的系统相册。";
				INFOPLIST_KEY_NSPhotoLibraryUsageDescription = "时光记需要读取你选择的照片与相册，并把处理后的照片保存进去。";
				INFOPLIST_KEY_NSSupportsLiveActivities = YES;
				INFOPLIST_KEY_UILaunchStoryboardName = LaunchScreen;
				INFOPLIST_KEY_UISupportedInterfaceOrientations_iPad = "UIInterfaceOrientationPortrait UIInterfaceOrientationPortraitUpsideDown UIInterfaceOrientationLandscapeLeft UIInterfaceOrientationLandscapeRight";
				INFOPLIST_KEY_UISupportedInterfaceOrientations_iPhone = "UIInterfaceOrientationPortrait UIInterfaceOrientationLandscapeLeft UIInterfaceOrientationLandscapeRight";
				IPHONEOS_DEPLOYMENT_TARGET = 18.0;
				LD_RUNPATH_SEARCH_PATHS = (
					"$(inherited)",
					"@executable_path/Frameworks",
				);
				MARKETING_VERSION = 2.3.6;
				PRODUCT_BUNDLE_IDENTIFIER = com.serydoo.PhotoMemo.iOS;
				PRODUCT_NAME = "$(TARGET_NAME)";
				SDKROOT = iphoneos;
				STRING_CATALOG_GENERATE_SYMBOLS = YES;
				SUPPORTED_PLATFORMS = "iphoneos iphonesimulator";
				SUPPORTS_MACCATALYST = NO;
				SWIFT_APPROACHABLE_CONCURRENCY = YES;
				SWIFT_DEFAULT_ACTOR_ISOLATION = MainActor;
				SWIFT_EMIT_LOC_STRINGS = YES;
				SWIFT_UPCOMING_FEATURE_MEMBER_IMPORT_VISIBILITY = YES;
				SWIFT_VERSION = 5.0;
				TARGETED_DEVICE_FAMILY = "1,2";
			};
			name = Release;
		};
		F4A1B20E3A9C410100A10001 /* Debug configuration for PBXNativeTarget "MemoMarkShareExtension" */ = {
			isa = XCBuildConfiguration;
			buildSettings = {
				CODE_SIGN_ENTITLEMENTS = MemoMark/MemoMarkShareExtension.entitlements;
				CODE_SIGN_STYLE = Automatic;
                CURRENT_PROJECT_VERSION = 124;
				DEVELOPMENT_TEAM = UK7ZR8G564;
				GENERATE_INFOPLIST_FILE = NO;
				INFOPLIST_FILE = "ShareExtension-Info.plist";
				IPHONEOS_DEPLOYMENT_TARGET = 18.0;
				LD_RUNPATH_SEARCH_PATHS = (
					"$(inherited)",
					"@executable_path/Frameworks",
					"@executable_path/../../Frameworks",
				);
				MARKETING_VERSION = 2.3.6;
				PRODUCT_BUNDLE_IDENTIFIER = com.serydoo.PhotoMemo.iOS.ShareExtension;
				PRODUCT_NAME = "$(TARGET_NAME)";
				SDKROOT = iphoneos;
				SKIP_INSTALL = YES;
				STRING_CATALOG_GENERATE_SYMBOLS = YES;
				SUPPORTED_PLATFORMS = "iphoneos iphonesimulator";
				SUPPORTS_MACCATALYST = NO;
				SWIFT_ACTIVE_COMPILATION_CONDITIONS = "MEMOMARK_SHARE_EXTENSION $(inherited)";
				SWIFT_APPROACHABLE_CONCURRENCY = YES;
				SWIFT_DEFAULT_ACTOR_ISOLATION = MainActor;
				SWIFT_EMIT_LOC_STRINGS = YES;
				SWIFT_UPCOMING_FEATURE_MEMBER_IMPORT_VISIBILITY = YES;
				SWIFT_VERSION = 5.0;
				TARGETED_DEVICE_FAMILY = 1;
			};
			name = Debug;
		};
		F4A1B20F3A9C410100A10001 /* Release configuration for PBXNativeTarget "MemoMarkShareExtension" */ = {
			isa = XCBuildConfiguration;
			buildSettings = {
				CODE_SIGN_ENTITLEMENTS = MemoMark/MemoMarkShareExtension.entitlements;
				CODE_SIGN_STYLE = Automatic;
                CURRENT_PROJECT_VERSION = 124;
				DEVELOPMENT_TEAM = UK7ZR8G564;
				GENERATE_INFOPLIST_FILE = NO;
				INFOPLIST_FILE = "ShareExtension-Info.plist";
				IPHONEOS_DEPLOYMENT_TARGET = 18.0;
				LD_RUNPATH_SEARCH_PATHS = (
					"$(inherited)",
					"@executable_path/Frameworks",
					"@executable_path/../../Frameworks",
				);
				MARKETING_VERSION = 2.3.6;
				PRODUCT_BUNDLE_IDENTIFIER = com.serydoo.PhotoMemo.iOS.ShareExtension;
				PRODUCT_NAME = "$(TARGET_NAME)";
				SDKROOT = iphoneos;
				SKIP_INSTALL = YES;
				STRING_CATALOG_GENERATE_SYMBOLS = YES;
				SUPPORTED_PLATFORMS = "iphoneos iphonesimulator";
				SUPPORTS_MACCATALYST = NO;
				SWIFT_ACTIVE_COMPILATION_CONDITIONS = "MEMOMARK_SHARE_EXTENSION $(inherited)";
				SWIFT_APPROACHABLE_CONCURRENCY = YES;
				SWIFT_DEFAULT_ACTOR_ISOLATION = MainActor;
				SWIFT_EMIT_LOC_STRINGS = YES;
				SWIFT_UPCOMING_FEATURE_MEMBER_IMPORT_VISIBILITY = YES;
				SWIFT_VERSION = 5.0;
				TARGETED_DEVICE_FAMILY = 1;
			};
			name = Release;
		};
		F4A1B2403A9C410100A10001 /* Debug configuration for PBXNativeTarget "MemoMarkWidgetExtension" */ = {
			isa = XCBuildConfiguration;
			buildSettings = {
				APPLICATION_EXTENSION_API_ONLY = YES;
				CODE_SIGN_STYLE = Automatic;
                CURRENT_PROJECT_VERSION = 124;
				DEVELOPMENT_TEAM = UK7ZR8G564;
				GENERATE_INFOPLIST_FILE = NO;
				INFOPLIST_FILE = "MemoMarkWidgetExtension-Info.plist";
				IPHONEOS_DEPLOYMENT_TARGET = 18.0;
				LD_RUNPATH_SEARCH_PATHS = (
					"$(inherited)",
					"@executable_path/Frameworks",
					"@executable_path/../../Frameworks",
				);
				MARKETING_VERSION = 2.3.6;
				PRODUCT_BUNDLE_IDENTIFIER = com.serydoo.PhotoMemo.iOS.WidgetExtension;
				PRODUCT_NAME = "$(TARGET_NAME)";
				SDKROOT = iphoneos;
				SKIP_INSTALL = YES;
				STRING_CATALOG_GENERATE_SYMBOLS = YES;
				SUPPORTED_PLATFORMS = "iphoneos iphonesimulator";
				SUPPORTS_MACCATALYST = NO;
				SWIFT_ACTIVE_COMPILATION_CONDITIONS = "MEMOMARK_WIDGET_EXTENSION $(inherited)";
				SWIFT_APPROACHABLE_CONCURRENCY = YES;
				SWIFT_DEFAULT_ACTOR_ISOLATION = MainActor;
				SWIFT_EMIT_LOC_STRINGS = YES;
				SWIFT_UPCOMING_FEATURE_MEMBER_IMPORT_VISIBILITY = YES;
				SWIFT_VERSION = 5.0;
				TARGETED_DEVICE_FAMILY = "1,2";
			};
			name = Debug;
		};
		F4A1B2413A9C410100A10001 /* Release configuration for PBXNativeTarget "MemoMarkWidgetExtension" */ = {
			isa = XCBuildConfiguration;
			buildSettings = {
				APPLICATION_EXTENSION_API_ONLY = YES;
				CODE_SIGN_STYLE = Automatic;
                CURRENT_PROJECT_VERSION = 124;
				DEVELOPMENT_TEAM = UK7ZR8G564;
				GENERATE_INFOPLIST_FILE = NO;
				INFOPLIST_FILE = "MemoMarkWidgetExtension-Info.plist";
				IPHONEOS_DEPLOYMENT_TARGET = 18.0;
				LD_RUNPATH_SEARCH_PATHS = (
					"$(inherited)",
					"@executable_path/Frameworks",
					"@executable_path/../../Frameworks",
				);
				MARKETING_VERSION = 2.3.6;
				PRODUCT_BUNDLE_IDENTIFIER = com.serydoo.PhotoMemo.iOS.WidgetExtension;
				PRODUCT_NAME = "$(TARGET_NAME)";
				SDKROOT = iphoneos;
				SKIP_INSTALL = YES;
				STRING_CATALOG_GENERATE_SYMBOLS = YES;
				SUPPORTED_PLATFORMS = "iphoneos iphonesimulator";
				SUPPORTS_MACCATALYST = NO;
				SWIFT_ACTIVE_COMPILATION_CONDITIONS = "MEMOMARK_WIDGET_EXTENSION $(inherited)";
				SWIFT_APPROACHABLE_CONCURRENCY = YES;
				SWIFT_DEFAULT_ACTOR_ISOLATION = MainActor;
				SWIFT_EMIT_LOC_STRINGS = YES;
				SWIFT_UPCOMING_FEATURE_MEMBER_IMPORT_VISIBILITY = YES;
				SWIFT_VERSION = 5.0;
				TARGETED_DEVICE_FAMILY = "1,2";
			};
			name = Release;
		};
		F5B100073A9D000000A10001 /* Debug configuration for PBXNativeTarget "MemoMarkTests" */ = {
			isa = XCBuildConfiguration;
			buildSettings = {
				BUNDLE_LOADER = "$(TEST_HOST)";
				CODE_SIGN_STYLE = Automatic;
                MARKETING_VERSION = 2.3.6;
                CURRENT_PROJECT_VERSION = 124;
				DEVELOPMENT_TEAM = UK7ZR8G564;
				GENERATE_INFOPLIST_FILE = YES;
				MACOSX_DEPLOYMENT_TARGET = 27.0;
				PRODUCT_BUNDLE_IDENTIFIER = com.serydoo.PhotoMemoTests;
				PRODUCT_NAME = "$(TARGET_NAME)";
				SKIP_INSTALL = YES;
				SWIFT_APPROACHABLE_CONCURRENCY = YES;
				SWIFT_DEFAULT_ACTOR_ISOLATION = MainActor;
				SWIFT_EMIT_LOC_STRINGS = NO;
				SWIFT_VERSION = 5.0;
				TEST_HOST = "$(BUILT_PRODUCTS_DIR)/MemoMark.app/Contents/MacOS/MemoMark";
				TEST_TARGET_NAME = MemoMark;
			};
			name = Debug;
		};
		F5B100083A9D000000A10001 /* Release configuration for PBXNativeTarget "MemoMarkTests" */ = {
			isa = XCBuildConfiguration;
			buildSettings = {
				BUNDLE_LOADER = "$(TEST_HOST)";
				CODE_SIGN_STYLE = Automatic;
                MARKETING_VERSION = 2.3.6;
                CURRENT_PROJECT_VERSION = 124;
				DEVELOPMENT_TEAM = UK7ZR8G564;
				GENERATE_INFOPLIST_FILE = YES;
				MACOSX_DEPLOYMENT_TARGET = 27.0;
				PRODUCT_BUNDLE_IDENTIFIER = com.serydoo.PhotoMemoTests;
				PRODUCT_NAME = "$(TARGET_NAME)";
				SKIP_INSTALL = YES;
				SWIFT_APPROACHABLE_CONCURRENCY = YES;
				SWIFT_DEFAULT_ACTOR_ISOLATION = MainActor;
				SWIFT_EMIT_LOC_STRINGS = NO;
				SWIFT_VERSION = 5.0;
				TEST_HOST = "$(BUILT_PRODUCTS_DIR)/MemoMark.app/Contents/MacOS/MemoMark";
				TEST_TARGET_NAME = MemoMark;
			};
			name = Release;
		};
		C0D000090000000000000001 /* Debug configuration for PBXNativeTarget "MemoMarkDeviceQA" */ = {
			isa = XCBuildConfiguration;
			buildSettings = {
				CODE_SIGN_STYLE = Automatic;
                CURRENT_PROJECT_VERSION = 124;
				DEVELOPMENT_TEAM = UK7ZR8G564;
				GENERATE_INFOPLIST_FILE = YES;
				IPHONEOS_DEPLOYMENT_TARGET = 18.0;
				MARKETING_VERSION = 2.3.6;
				PRODUCT_BUNDLE_IDENTIFIER = com.serydoo.PhotoMemo.MemoMarkDeviceQA;
				PRODUCT_NAME = "$(TARGET_NAME)";
				SDKROOT = iphoneos;
				SKIP_INSTALL = YES;
				SUPPORTED_PLATFORMS = "iphoneos iphonesimulator";
				SWIFT_APPROACHABLE_CONCURRENCY = YES;
				SWIFT_DEFAULT_ACTOR_ISOLATION = MainActor;
				SWIFT_EMIT_LOC_STRINGS = NO;
				SWIFT_VERSION = 5.0;
				TARGETED_DEVICE_FAMILY = "1,2";
				TEST_TARGET_NAME = MemoMarkiOS;
			};
			name = Debug;
		};
		C0D0000A0000000000000001 /* Release configuration for PBXNativeTarget "MemoMarkDeviceQA" */ = {
			isa = XCBuildConfiguration;
			buildSettings = {
				CODE_SIGN_STYLE = Automatic;
                CURRENT_PROJECT_VERSION = 124;
				DEVELOPMENT_TEAM = UK7ZR8G564;
				GENERATE_INFOPLIST_FILE = YES;
				IPHONEOS_DEPLOYMENT_TARGET = 18.0;
				MARKETING_VERSION = 2.3.6;
				PRODUCT_BUNDLE_IDENTIFIER = com.serydoo.PhotoMemo.MemoMarkDeviceQA;
				PRODUCT_NAME = "$(TARGET_NAME)";
				SDKROOT = iphoneos;
				SKIP_INSTALL = YES;
				SUPPORTED_PLATFORMS = "iphoneos iphonesimulator";
				SWIFT_APPROACHABLE_CONCURRENCY = YES;
				SWIFT_DEFAULT_ACTOR_ISOLATION = MainActor;
				SWIFT_EMIT_LOC_STRINGS = NO;
				SWIFT_VERSION = 5.0;
				TARGETED_DEVICE_FAMILY = "1,2";
				TEST_TARGET_NAME = MemoMarkiOS;
			};
			name = Release;
		};
/* End XCBuildConfiguration section */

/* Begin XCConfigurationList section */
		B3DBA4EF2FE1581100945016 /* Build configuration list for PBXProject "MemoMark" */ = {
			isa = XCConfigurationList;
			buildConfigurations = (
				B3DBA4FD2FE1581300945016 /* Debug configuration for PBXProject "MemoMark" */,
				B3DBA4FE2FE1581300945016 /* Release configuration for PBXProject "MemoMark" */,
			);
			defaultConfigurationName = Release;
		};
		B3DBA4FF2FE1581300945016 /* Build configuration list for PBXNativeTarget "MemoMark" */ = {
			isa = XCConfigurationList;
			buildConfigurations = (
				B3DBA5002FE1581300945016 /* Debug configuration for PBXNativeTarget "MemoMark" */,
				B3DBA5012FE1581300945016 /* Release configuration for PBXNativeTarget "MemoMark" */,
			);
			defaultConfigurationName = Release;
		};
		FD8F6E5CD0234A8BB96291DE /* Build configuration list for PBXNativeTarget "MemoMarkiOS" */ = {
			isa = XCConfigurationList;
			buildConfigurations = (
				F9F054D5C7B4471E885C1840 /* Debug configuration for PBXNativeTarget "MemoMarkiOS" */,
				2DB40F57D9AA4FC5AD790FF2 /* Release configuration for PBXNativeTarget "MemoMarkiOS" */,
			);
			defaultConfigurationName = Release;
		};
		F4A1B2103A9C410100A10001 /* Build configuration list for PBXNativeTarget "MemoMarkShareExtension" */ = {
			isa = XCConfigurationList;
			buildConfigurations = (
				F4A1B20E3A9C410100A10001 /* Debug configuration for PBXNativeTarget "MemoMarkShareExtension" */,
				F4A1B20F3A9C410100A10001 /* Release configuration for PBXNativeTarget "MemoMarkShareExtension" */,
			);
			defaultConfigurationName = Release;
		};
		F4A1B2433A9C410100A10001 /* Build configuration list for PBXNativeTarget "MemoMarkWidgetExtension" */ = {
			isa = XCConfigurationList;
			buildConfigurations = (
				F4A1B2403A9C410100A10001 /* Debug configuration for PBXNativeTarget "MemoMarkWidgetExtension" */,
				F4A1B2413A9C410100A10001 /* Release configuration for PBXNativeTarget "MemoMarkWidgetExtension" */,
			);
			defaultConfigurationName = Release;
		};
		F5B1000B3A9D000000A10001 /* Build configuration list for PBXNativeTarget "MemoMarkTests" */ = {
			isa = XCConfigurationList;
			buildConfigurations = (
				F5B100073A9D000000A10001 /* Debug configuration for PBXNativeTarget "MemoMarkTests" */,
				F5B100083A9D000000A10001 /* Release configuration for PBXNativeTarget "MemoMarkTests" */,
			);
			defaultConfigurationName = Release;
		};
		C0D0000B0000000000000001 /* Build configuration list for PBXNativeTarget "MemoMarkDeviceQA" */ = {
			isa = XCConfigurationList;
			buildConfigurations = (
				C0D000090000000000000001 /* Debug configuration for PBXNativeTarget "MemoMarkDeviceQA" */,
				C0D0000A0000000000000001 /* Release configuration for PBXNativeTarget "MemoMarkDeviceQA" */,
			);
			defaultConfigurationName = Release;
		};
/* End XCConfigurationList section */
	};
	rootObject = B3DBA4EC2FE1581100945016 /* Project object */;
	validationLevel = 1;
}
